{
  "version": 4,
  "terraform_version": "1.15.3",
  "serial": 107,
  "lineage": "766f34da-3429-09a9-5208-692cbb0a96a0",
  "outputs": {
    "managed_instance_ids": {
      "value": [
        "i-0d82f2d5ca43612fc",
        "i-0bfeff8b189a97a1f",
        "i-0f9e7a88088ea87cf"
      ],
      "type": [
        "tuple",
        [
          "string",
          "string",
          "string"
        ]
      ]
    },
    "managed_private_ips": {
      "value": [
        "172.31.6.34",
        "172.31.15.254",
        "172.31.12.133"
      ],
      "type": [
        "tuple",
        [
          "string",
          "string",
          "string"
        ]
      ]
    },
    "managed_public_ips": {
      "value": [
        "63.182.212.161",
        "63.180.5.252",
        "18.192.204.145"
      ],
      "type": [
        "tuple",
        [
          "string",
          "string",
          "string"
        ]
      ]
    },
    "managed_public_ips_show": {
      "value": [
        "63.182.212.161",
        "63.180.5.252",
        "18.192.204.145"
      ],
      "type": [
        "tuple",
        [
          "string",
          "string",
          "string"
        ]
      ]
    },
    "master_instance_id": {
      "value": "i-0024819637d7a131b",
      "type": "string"
    },
    "master_private_ip": {
      "value": "172.31.14.206",
      "type": "string"
    },
    "master_public_ip": {
      "value": "63.177.73.236",
      "type": "string"
    }
  },
  "resources": [
    {
      "mode": "data",
      "type": "aws_iam_policy_document",
      "name": "ec2_assume_role",
      "provider": "provider[\"registry.terraform.io/hashicorp/aws\"]",
      "instances": [
        {
          "schema_version": 0,
          "attributes": {
            "id": "2851119427",
            "json": "{\n  \"Version\": \"2012-10-17\",\n  \"Statement\": [\n    {\n      \"Effect\": \"Allow\",\n      \"Action\": \"sts:AssumeRole\",\n      \"Principal\": {\n        \"Service\": \"ec2.amazonaws.com\"\n      }\n    }\n  ]\n}",
            "minified_json": "{\"Version\":\"2012-10-17\",\"Statement\":[{\"Effect\":\"Allow\",\"Action\":\"sts:AssumeRole\",\"Principal\":{\"Service\":\"ec2.amazonaws.com\"}}]}",
            "override_json": null,
            "override_policy_documents": null,
            "policy_id": null,
            "source_json": null,
            "source_policy_documents": null,
            "statement": [
              {
                "actions": [
                  "sts:AssumeRole"
                ],
                "condition": [],
                "effect": "Allow",
                "not_actions": [],
                "not_principals": [],
                "not_resources": [],
                "principals": [
                  {
                    "identifiers": [
                      "ec2.amazonaws.com"
                    ],
                    "type": "Service"
                  }
                ],
                "resources": [],
                "sid": ""
              }
            ],
            "version": "2012-10-17"
          },
          "sensitive_attributes": [],
          "identity_schema_version": 0
        }
      ]
    },
    {
      "mode": "data",
      "type": "aws_subnets",
      "name": "default",
      "provider": "provider[\"registry.terraform.io/hashicorp/aws\"]",
      "instances": [
        {
          "schema_version": 0,
          "attributes": {
            "filter": [
              {
                "name": "vpc-id",
                "values": [
                  "vpc-03857079d2a72a2db"
                ]
              }
            ],
            "id": "eu-central-1",
            "ids": [
              "subnet-00fcddf6ed68d5c63",
              "subnet-04ce9e5c85b5a0b9f",
              "subnet-0c4f395f743052e6f"
            ],
            "region": "eu-central-1",
            "tags": null,
            "timeouts": null
          },
          "sensitive_attributes": [],
          "identity_schema_version": 0
        }
      ]
    },
    {
      "mode": "data",
      "type": "aws_vpc",
      "name": "default",
      "provider": "provider[\"registry.terraform.io/hashicorp/aws\"]",
      "instances": [
        {
          "schema_version": 0,
          "attributes": {
            "arn": "arn:aws:ec2:eu-central-1:419197236432:vpc/vpc-03857079d2a72a2db",
            "cidr_block": "172.31.0.0/16",
            "cidr_block_associations": [
              {
                "association_id": "vpc-cidr-assoc-01827c07018a2b139",
                "cidr_block": "172.31.0.0/16",
                "state": "associated"
              }
            ],
            "default": true,
            "dhcp_options_id": "dopt-0497cab12d457f90a",
            "enable_dns_hostnames": true,
            "enable_dns_support": true,
            "enable_network_address_usage_metrics": false,
            "filter": null,
            "id": "vpc-03857079d2a72a2db",
            "instance_tenancy": "default",
            "ipv6_association_id": "",
            "ipv6_cidr_block": "",
            "main_route_table_id": "rtb-0be11391901d6b20b",
            "owner_id": "419197236432",
            "region": "eu-central-1",
            "state": null,
            "tags": {},
            "timeouts": null
          },
          "sensitive_attributes": [],
          "identity_schema_version": 0
        }
      ]
    },
    {
      "mode": "managed",
      "type": "aws_iam_instance_profile",
      "name": "ec2_ssm_profile",
      "provider": "provider[\"registry.terraform.io/hashicorp/aws\"]",
      "instances": [
        {
          "schema_version": 0,
          "attributes": {
            "arn": "arn:aws:iam::419197236432:instance-profile/ansible-lab-dev-ec2-ssm-profile",
            "create_date": "2026-05-17T10:54:03Z",
            "id": "ansible-lab-dev-ec2-ssm-profile",
            "name": "ansible-lab-dev-ec2-ssm-profile",
            "name_prefix": "",
            "path": "/",
            "role": "ansible-lab-dev-ec2-ssm-role",
            "tags": {},
            "tags_all": {
              "Environment": "dev",
              "ManagedBy": "terraform",
              "Project": "ansible-lab"
            },
            "unique_id": "AIPAWDGQ2GTIEGX7CHQPV"
          },
          "sensitive_attributes": [],
          "identity_schema_version": 0,
          "identity": {
            "account_id": "419197236432",
            "name": "ansible-lab-dev-ec2-ssm-profile"
          },
          "private": "bnVsbA==",
          "dependencies": [
            "aws_iam_role.ec2_ssm_role",
            "data.aws_iam_policy_document.ec2_assume_role"
          ]
        }
      ]
    },
    {
      "mode": "managed",
      "type": "aws_iam_role",
      "name": "ec2_ssm_role",
      "provider": "provider[\"registry.terraform.io/hashicorp/aws\"]",
      "instances": [
        {
          "schema_version": 0,
          "attributes": {
            "arn": "arn:aws:iam::419197236432:role/ansible-lab-dev-ec2-ssm-role",
            "assume_role_policy": "{\"Statement\":[{\"Action\":\"sts:AssumeRole\",\"Effect\":\"Allow\",\"Principal\":{\"Service\":\"ec2.amazonaws.com\"}}],\"Version\":\"2012-10-17\"}",
            "create_date": "2026-05-17T10:54:02Z",
            "description": "",
            "force_detach_policies": false,
            "id": "ansible-lab-dev-ec2-ssm-role",
            "inline_policy": [],
            "managed_policy_arns": [
              "arn:aws:iam::aws:policy/AmazonSSMManagedInstanceCore"
            ],
            "max_session_duration": 3600,
            "name": "ansible-lab-dev-ec2-ssm-role",
            "name_prefix": "",
            "path": "/",
            "permissions_boundary": "",
            "tags": {},
            "tags_all": {
              "Environment": "dev",
              "ManagedBy": "terraform",
              "Project": "ansible-lab"
            },
            "unique_id": "AROAWDGQ2GTILWXD2U26Q"
          },
          "sensitive_attributes": [],
          "identity_schema_version": 0,
          "identity": {
            "account_id": "419197236432",
            "name": "ansible-lab-dev-ec2-ssm-role"
          },
          "private": "bnVsbA==",
          "dependencies": [
            "data.aws_iam_policy_document.ec2_assume_role"
          ]
        }
      ]
    },
    {
      "mode": "managed",
      "type": "aws_iam_role_policy_attachment",
      "name": "ssm_core",
      "provider": "provider[\"registry.terraform.io/hashicorp/aws\"]",
      "instances": [
        {
          "schema_version": 0,
          "attributes": {
            "id": "ansible-lab-dev-ec2-ssm-role/arn:aws:iam::aws:policy/AmazonSSMManagedInstanceCore",
            "policy_arn": "arn:aws:iam::aws:policy/AmazonSSMManagedInstanceCore",
            "role": "ansible-lab-dev-ec2-ssm-role"
          },
          "sensitive_attributes": [],
          "identity_schema_version": 0,
          "identity": {
            "account_id": "419197236432",
            "policy_arn": "arn:aws:iam::aws:policy/AmazonSSMManagedInstanceCore",
            "role": "ansible-lab-dev-ec2-ssm-role"
          },
          "private": "bnVsbA==",
          "dependencies": [
            "aws_iam_role.ec2_ssm_role",
            "data.aws_iam_policy_document.ec2_assume_role"
          ]
        }
      ]
    },
    {
      "mode": "managed",
      "type": "aws_instance",
      "name": "managed",
      "provider": "provider[\"registry.terraform.io/hashicorp/aws\"]",
      "instances": [
        {
          "index_key": 0,
          "schema_version": 2,
          "attributes": {
            "ami": "ami-02468b0515605b421",
            "arn": "arn:aws:ec2:eu-central-1:419197236432:instance/i-0d82f2d5ca43612fc",
            "associate_public_ip_address": true,
            "availability_zone": "eu-central-1c",
            "capacity_reservation_specification": [
              {
                "capacity_reservation_preference": "open",
                "capacity_reservation_target": []
              }
            ],
            "cpu_options": [
              {
                "amd_sev_snp": "",
                "core_count": 1,
                "nested_virtualization": "",
                "threads_per_core": 2
              }
            ],
            "credit_specification": [
              {
                "cpu_credits": "unlimited"
              }
            ],
            "disable_api_stop": false,
            "disable_api_termination": false,
            "ebs_block_device": [],
            "ebs_optimized": false,
            "enable_primary_ipv6": null,
            "enclave_options": [
              {
                "enabled": false
              }
            ],
            "ephemeral_block_device": [],
            "force_destroy": false,
            "get_password_data": false,
            "hibernation": false,
            "host_id": "",
            "host_resource_group_arn": null,
            "iam_instance_profile": "ansible-lab-dev-ec2-ssm-profile",
            "id": "i-0d82f2d5ca43612fc",
            "instance_initiated_shutdown_behavior": "stop",
            "instance_lifecycle": "",
            "instance_market_options": [],
            "instance_state": "running",
            "instance_type": "t3.micro",
            "ipv6_address_count": 0,
            "ipv6_addresses": [],
            "key_name": "ansible-lab-key",
            "launch_template": [],
            "maintenance_options": [
              {
                "auto_recovery": "default"
              }
            ],
            "metadata_options": [
              {
                "http_endpoint": "enabled",
                "http_protocol_ipv6": "disabled",
                "http_put_response_hop_limit": 2,
                "http_tokens": "required",
                "instance_metadata_tags": "disabled"
              }
            ],
            "monitoring": false,
            "network_interface": [],
            "outpost_arn": "",
            "password_data": "",
            "placement_group": "",
            "placement_group_id": "",
            "placement_partition_number": 0,
            "primary_network_interface": [
              {
                "delete_on_termination": true,
                "network_interface_id": "eni-062d7ed71599f05cf"
              }
            ],
            "primary_network_interface_id": "eni-062d7ed71599f05cf",
            "private_dns": "ip-172-31-6-34.eu-central-1.compute.internal",
            "private_dns_name_options": [
              {
                "enable_resource_name_dns_a_record": false,
                "enable_resource_name_dns_aaaa_record": false,
                "hostname_type": "ip-name"
              }
            ],
            "private_ip": "172.31.6.34",
            "public_dns": "ec2-63-182-212-161.eu-central-1.compute.amazonaws.com",
            "public_ip": "63.182.212.161",
            "region": "eu-central-1",
            "root_block_device": [
              {
                "delete_on_termination": true,
                "device_name": "/dev/sda1",
                "encrypted": false,
                "iops": 3000,
                "kms_key_id": "",
                "tags": {
                  "Environment": "dev",
                  "ManagedBy": "terraform",
                  "Project": "ansible-lab"
                },
                "tags_all": {
                  "Environment": "dev",
                  "ManagedBy": "terraform",
                  "Project": "ansible-lab"
                },
                "throughput": 125,
                "volume_id": "vol-025b316c82c82e566",
                "volume_size": 8,
                "volume_type": "gp3"
              }
            ],
            "secondary_network_interface": [],
            "secondary_private_ips": [],
            "security_groups": [
              "ansible-lab-dev-managed-sg"
            ],
            "source_dest_check": true,
            "spot_instance_request_id": "",
            "subnet_id": "subnet-00fcddf6ed68d5c63",
            "tags": {
              "Name": "ansible-lab-node-1",
              "Role": "managed"
            },
            "tags_all": {
              "Environment": "dev",
              "ManagedBy": "terraform",
              "Name": "ansible-lab-node-1",
              "Project": "ansible-lab",
              "Role": "managed"
            },
            "tenancy": "default",
            "timeouts": null,
            "user_data": "#cloud-config\r\nusers:\r\n  - default\r\n  - name: ubuntu\r\n    shell: /bin/bash\r\n    sudo: ALL=(ALL) NOPASSWD:ALL\r\n    ssh_authorized_keys:\r\n      - ssh-rsa AAAAB3NzaC1yc2EAAAADAQABAAACAQDGKDWIde9BTFDnf9CZnqEQNNOw4Uk3/p64gZY+MP1ihmayrfTFD4SaH64P7l7rK9w6y4wQjOvc/ThqfqPYeC3Vp0m6d2laHeUOvviOHNUxpdQcPvIInKGIjO5IxCLAO24QMf1Q2bg88WUNjva74qzrts4uqIwd8DAKqPUwbjf4R5dz7SiCqqz7yiEBdgW7evOrqkRex/ThWn5BZavhvqdOe6lvhgpnfe5rp0/OvZjeT1Mgs2K0c7F37DBA1lW8hJO2l4qM0bpUtgjyJ2kiAcZHG5nnslBAUmuGjx893Z4WsZzzyCV7lEwa6MyYELRx51tO72Wc9WaG2tfwR49nWzNKnU6bbmxTsOFSbD7ldFX27pkQy9EK1PlG29QsWJfcm/ILYIDoQEUXaaeyMd3MWYMnyxvF3dgnSmCevOUJEHCFTY3QSOmoIb77VXjJEhOLN4LnZJfx2HGE5SIqT026mkzEZu9v/E578AyPYnZRrH4/GfsGEVD0JA5yYJWXbADyHLYGT+z0sn1NudfLFdOy3YhpTENisiZHeN4n3el29y1XeOAq3GoPOoQxbT2+ZkLRQcrXL6/ERi0Lj9ndQZvEF3spZSFNcFxshRsr8f9zWcRVs9ky8s/riIaOIgbz8RsG0DM82SRf7Eit07obp3dRpm+yqeG8kwWYwsP5nj/7hrTfyw== julia@DRAGON-V2\r\n      - ssh-rsa AAAAB3NzaC1yc2EAAAADAQABAAACAQDpnAveiWCixUJ3TTEKUKLPGJFopCgFm8pd2Gz+hLE5Gym3H2D5yYhPum0Fvk3Emllh8Nb3C72YcPyDfx3OfgU6sueviSeeelMEmit2p9yc5CzajlGmbLDf7zJksGRlD35paDUHL0zCP69A7Zz6L5rHHssawGgIXzIM4mL9rtshJXKEU7b8P4LRDv4gbJ58beQH7LHtor+xAPe3rIc/Bd9VvVMxHLOmQ0l33BN3gg8DeOROtcHtGQp1++DbC5+mJBrY6rckjK2yi5CVM892Rc9EjBrMrNOtir9p750yKjU5Z7PxswXA00iW+1GzVCLifGzW1kes/A7S/RbRI9uQR43TiRyEvREPNEmeLxpvn0ssb2r5MtDSGaj88mPvcOOcepoXc+lWi4nZoywno+WYyTCEV2Z1krHegrBe7yNhnu4CttSwpXwqWQkUkF1PCcJ/A04TVhsZNqvyqi9vXzYj7QsKXDP3PGm13pKHfMTEQuQElYS74ONHMvHnIhUUC7OnHbmg4TZOxW+OQzlfPNml3Ut5n8QpYbOy5FqrsutT5+1mTpW66nqUV42JgSEygl79Wp2LVh21/Nf8Qru8vBv5XboRwxgik6AuYZ+Ae4iuWx0d7ubZU4MzdneuymzsmUAGtJI61WZlU1XCHDbiu//D/9hjA5uj/cSyVVieF3fT3LJIyQ== julia@DRAGON-V2\r\n\r\nruncmd:\r\n  - chmod 700 /home/ubuntu/.ssh\r\n  - chmod 600 /home/ubuntu/.ssh/authorized_keys\r\n  - chown -R ubuntu:ubuntu /home/ubuntu/.ssh",
            "user_data_base64": null,
            "user_data_replace_on_change": false,
            "volume_tags": null,
            "vpc_security_group_ids": [
              "sg-04f51f49360bd90d9"
            ]
          },
          "sensitive_attributes": [],
          "identity_schema_version": 0,
          "identity": {
            "account_id": "419197236432",
            "id": "i-0d82f2d5ca43612fc",
            "region": "eu-central-1"
          },
          "private": "eyJlMmJmYjczMC1lY2FhLTExZTYtOGY4OC0zNDM2M2JjN2M0YzAiOnsiY3JlYXRlIjo2MDAwMDAwMDAwMDAsImRlbGV0ZSI6MTIwMDAwMDAwMDAwMCwicmVhZCI6OTAwMDAwMDAwMDAwLCJ1cGRhdGUiOjYwMDAwMDAwMDAwMH0sInNjaGVtYV92ZXJzaW9uIjoiMiJ9",
          "dependencies": [
            "aws_iam_instance_profile.ec2_ssm_profile",
            "aws_iam_role.ec2_ssm_role",
            "aws_key_pair.this",
            "aws_security_group.managed",
            "aws_security_group.master",
            "data.aws_iam_policy_document.ec2_assume_role",
            "data.aws_subnets.default",
            "data.aws_vpc.default"
          ]
        },
        {
          "index_key": 1,
          "schema_version": 2,
          "attributes": {
            "ami": "ami-02468b0515605b421",
            "arn": "arn:aws:ec2:eu-central-1:419197236432:instance/i-0bfeff8b189a97a1f",
            "associate_public_ip_address": true,
            "availability_zone": "eu-central-1c",
            "capacity_reservation_specification": [
              {
                "capacity_reservation_preference": "open",
                "capacity_reservation_target": []
              }
            ],
            "cpu_options": [
              {
                "amd_sev_snp": "",
                "core_count": 1,
                "nested_virtualization": "",
                "threads_per_core": 2
              }
            ],
            "credit_specification": [
              {
                "cpu_credits": "unlimited"
              }
            ],
            "disable_api_stop": false,
            "disable_api_termination": false,
            "ebs_block_device": [],
            "ebs_optimized": false,
            "enable_primary_ipv6": null,
            "enclave_options": [
              {
                "enabled": false
              }
            ],
            "ephemeral_block_device": [],
            "force_destroy": false,
            "get_password_data": false,
            "hibernation": false,
            "host_id": "",
            "host_resource_group_arn": null,
            "iam_instance_profile": "ansible-lab-dev-ec2-ssm-profile",
            "id": "i-0bfeff8b189a97a1f",
            "instance_initiated_shutdown_behavior": "stop",
            "instance_lifecycle": "",
            "instance_market_options": [],
            "instance_state": "running",
            "instance_type": "t3.micro",
            "ipv6_address_count": 0,
            "ipv6_addresses": [],
            "key_name": "ansible-lab-key",
            "launch_template": [],
            "maintenance_options": [
              {
                "auto_recovery": "default"
              }
            ],
            "metadata_options": [
              {
                "http_endpoint": "enabled",
                "http_protocol_ipv6": "disabled",
                "http_put_response_hop_limit": 2,
                "http_tokens": "required",
                "instance_metadata_tags": "disabled"
              }
            ],
            "monitoring": false,
            "network_interface": [],
            "outpost_arn": "",
            "password_data": "",
            "placement_group": "",
            "placement_group_id": "",
            "placement_partition_number": 0,
            "primary_network_interface": [
              {
                "delete_on_termination": true,
                "network_interface_id": "eni-07b854bc0cd4f3f2a"
              }
            ],
            "primary_network_interface_id": "eni-07b854bc0cd4f3f2a",
            "private_dns": "ip-172-31-15-254.eu-central-1.compute.internal",
            "private_dns_name_options": [
              {
                "enable_resource_name_dns_a_record": false,
                "enable_resource_name_dns_aaaa_record": false,
                "hostname_type": "ip-name"
              }
            ],
            "private_ip": "172.31.15.254",
            "public_dns": "ec2-63-180-5-252.eu-central-1.compute.amazonaws.com",
            "public_ip": "63.180.5.252",
            "region": "eu-central-1",
            "root_block_device": [
              {
                "delete_on_termination": true,
                "device_name": "/dev/sda1",
                "encrypted": false,
                "iops": 3000,
                "kms_key_id": "",
                "tags": {
                  "Environment": "dev",
                  "ManagedBy": "terraform",
                  "Project": "ansible-lab"
                },
                "tags_all": {
                  "Environment": "dev",
                  "ManagedBy": "terraform",
                  "Project": "ansible-lab"
                },
                "throughput": 125,
                "volume_id": "vol-0f005b780a37d3fe8",
                "volume_size": 8,
                "volume_type": "gp3"
              }
            ],
            "secondary_network_interface": [],
            "secondary_private_ips": [],
            "security_groups": [
              "ansible-lab-dev-managed-sg"
            ],
            "source_dest_check": true,
            "spot_instance_request_id": "",
            "subnet_id": "subnet-00fcddf6ed68d5c63",
            "tags": {
              "Name": "ansible-lab-node-2",
              "Role": "managed"
            },
            "tags_all": {
              "Environment": "dev",
              "ManagedBy": "terraform",
              "Name": "ansible-lab-node-2",
              "Project": "ansible-lab",
              "Role": "managed"
            },
            "tenancy": "default",
            "timeouts": null,
            "user_data": "#cloud-config\r\nusers:\r\n  - default\r\n  - name: ubuntu\r\n    shell: /bin/bash\r\n    sudo: ALL=(ALL) NOPASSWD:ALL\r\n    ssh_authorized_keys:\r\n      - ssh-rsa AAAAB3NzaC1yc2EAAAADAQABAAACAQDGKDWIde9BTFDnf9CZnqEQNNOw4Uk3/p64gZY+MP1ihmayrfTFD4SaH64P7l7rK9w6y4wQjOvc/ThqfqPYeC3Vp0m6d2laHeUOvviOHNUxpdQcPvIInKGIjO5IxCLAO24QMf1Q2bg88WUNjva74qzrts4uqIwd8DAKqPUwbjf4R5dz7SiCqqz7yiEBdgW7evOrqkRex/ThWn5BZavhvqdOe6lvhgpnfe5rp0/OvZjeT1Mgs2K0c7F37DBA1lW8hJO2l4qM0bpUtgjyJ2kiAcZHG5nnslBAUmuGjx893Z4WsZzzyCV7lEwa6MyYELRx51tO72Wc9WaG2tfwR49nWzNKnU6bbmxTsOFSbD7ldFX27pkQy9EK1PlG29QsWJfcm/ILYIDoQEUXaaeyMd3MWYMnyxvF3dgnSmCevOUJEHCFTY3QSOmoIb77VXjJEhOLN4LnZJfx2HGE5SIqT026mkzEZu9v/E578AyPYnZRrH4/GfsGEVD0JA5yYJWXbADyHLYGT+z0sn1NudfLFdOy3YhpTENisiZHeN4n3el29y1XeOAq3GoPOoQxbT2+ZkLRQcrXL6/ERi0Lj9ndQZvEF3spZSFNcFxshRsr8f9zWcRVs9ky8s/riIaOIgbz8RsG0DM82SRf7Eit07obp3dRpm+yqeG8kwWYwsP5nj/7hrTfyw== julia@DRAGON-V2\r\n      - ssh-rsa AAAAB3NzaC1yc2EAAAADAQABAAACAQDpnAveiWCixUJ3TTEKUKLPGJFopCgFm8pd2Gz+hLE5Gym3H2D5yYhPum0Fvk3Emllh8Nb3C72YcPyDfx3OfgU6sueviSeeelMEmit2p9yc5CzajlGmbLDf7zJksGRlD35paDUHL0zCP69A7Zz6L5rHHssawGgIXzIM4mL9rtshJXKEU7b8P4LRDv4gbJ58beQH7LHtor+xAPe3rIc/Bd9VvVMxHLOmQ0l33BN3gg8DeOROtcHtGQp1++DbC5+mJBrY6rckjK2yi5CVM892Rc9EjBrMrNOtir9p750yKjU5Z7PxswXA00iW+1GzVCLifGzW1kes/A7S/RbRI9uQR43TiRyEvREPNEmeLxpvn0ssb2r5MtDSGaj88mPvcOOcepoXc+lWi4nZoywno+WYyTCEV2Z1krHegrBe7yNhnu4CttSwpXwqWQkUkF1PCcJ/A04TVhsZNqvyqi9vXzYj7QsKXDP3PGm13pKHfMTEQuQElYS74ONHMvHnIhUUC7OnHbmg4TZOxW+OQzlfPNml3Ut5n8QpYbOy5FqrsutT5+1mTpW66nqUV42JgSEygl79Wp2LVh21/Nf8Qru8vBv5XboRwxgik6AuYZ+Ae4iuWx0d7ubZU4MzdneuymzsmUAGtJI61WZlU1XCHDbiu//D/9hjA5uj/cSyVVieF3fT3LJIyQ== julia@DRAGON-V2\r\n\r\nruncmd:\r\n  - chmod 700 /home/ubuntu/.ssh\r\n  - chmod 600 /home/ubuntu/.ssh/authorized_keys\r\n  - chown -R ubuntu:ubuntu /home/ubuntu/.ssh",
            "user_data_base64": null,
            "user_data_replace_on_change": false,
            "volume_tags": null,
            "vpc_security_group_ids": [
              "sg-04f51f49360bd90d9"
            ]
          },
          "sensitive_attributes": [],
          "identity_schema_version": 0,
          "identity": {
            "account_id": "419197236432",
            "id": "i-0bfeff8b189a97a1f",
            "region": "eu-central-1"
          },
          "private": "eyJlMmJmYjczMC1lY2FhLTExZTYtOGY4OC0zNDM2M2JjN2M0YzAiOnsiY3JlYXRlIjo2MDAwMDAwMDAwMDAsImRlbGV0ZSI6MTIwMDAwMDAwMDAwMCwicmVhZCI6OTAwMDAwMDAwMDAwLCJ1cGRhdGUiOjYwMDAwMDAwMDAwMH0sInNjaGVtYV92ZXJzaW9uIjoiMiJ9",
          "dependencies": [
            "aws_iam_instance_profile.ec2_ssm_profile",
            "aws_iam_role.ec2_ssm_role",
            "aws_key_pair.this",
            "aws_security_group.managed",
            "aws_security_group.master",
            "data.aws_iam_policy_document.ec2_assume_role",
            "data.aws_subnets.default",
            "data.aws_vpc.default"
          ]
        },
        {
          "index_key": 2,
          "schema_version": 2,
          "attributes": {
            "ami": "ami-02468b0515605b421",
            "arn": "arn:aws:ec2:eu-central-1:419197236432:instance/i-0f9e7a88088ea87cf",
            "associate_public_ip_address": true,
            "availability_zone": "eu-central-1c",
            "capacity_reservation_specification": [
              {
                "capacity_reservation_preference": "open",
                "capacity_reservation_target": []
              }
            ],
            "cpu_options": [
              {
                "amd_sev_snp": "",
                "core_count": 1,
                "nested_virtualization": "",
                "threads_per_core": 2
              }
            ],
            "credit_specification": [
              {
                "cpu_credits": "unlimited"
              }
            ],
            "disable_api_stop": false,
            "disable_api_termination": false,
            "ebs_block_device": [],
            "ebs_optimized": false,
            "enable_primary_ipv6": null,
            "enclave_options": [
              {
                "enabled": false
              }
            ],
            "ephemeral_block_device": [],
            "force_destroy": false,
            "get_password_data": false,
            "hibernation": false,
            "host_id": "",
            "host_resource_group_arn": null,
            "iam_instance_profile": "ansible-lab-dev-ec2-ssm-profile",
            "id": "i-0f9e7a88088ea87cf",
            "instance_initiated_shutdown_behavior": "stop",
            "instance_lifecycle": "",
            "instance_market_options": [],
            "instance_state": "running",
            "instance_type": "t3.micro",
            "ipv6_address_count": 0,
            "ipv6_addresses": [],
            "key_name": "ansible-lab-key",
            "launch_template": [],
            "maintenance_options": [
              {
                "auto_recovery": "default"
              }
            ],
            "metadata_options": [
              {
                "http_endpoint": "enabled",
                "http_protocol_ipv6": "disabled",
                "http_put_response_hop_limit": 2,
                "http_tokens": "required",
                "instance_metadata_tags": "disabled"
              }
            ],
            "monitoring": false,
            "network_interface": [],
            "outpost_arn": "",
            "password_data": "",
            "placement_group": "",
            "placement_group_id": "",
            "placement_partition_number": 0,
            "primary_network_interface": [
              {
                "delete_on_termination": true,
                "network_interface_id": "eni-035ed7e3732ac06ac"
              }
            ],
            "primary_network_interface_id": "eni-035ed7e3732ac06ac",
            "private_dns": "ip-172-31-12-133.eu-central-1.compute.internal",
            "private_dns_name_options": [
              {
                "enable_resource_name_dns_a_record": false,
                "enable_resource_name_dns_aaaa_record": false,
                "hostname_type": "ip-name"
              }
            ],
            "private_ip": "172.31.12.133",
            "public_dns": "ec2-18-192-204-145.eu-central-1.compute.amazonaws.com",
            "public_ip": "18.192.204.145",
            "region": "eu-central-1",
            "root_block_device": [
              {
                "delete_on_termination": true,
                "device_name": "/dev/sda1",
                "encrypted": false,
                "iops": 3000,
                "kms_key_id": "",
                "tags": {
                  "Environment": "dev",
                  "ManagedBy": "terraform",
                  "Project": "ansible-lab"
                },
                "tags_all": {
                  "Environment": "dev",
                  "ManagedBy": "terraform",
                  "Project": "ansible-lab"
                },
                "throughput": 125,
                "volume_id": "vol-0785e591b05a981f1",
                "volume_size": 8,
                "volume_type": "gp3"
              }
            ],
            "secondary_network_interface": [],
            "secondary_private_ips": [],
            "security_groups": [
              "ansible-lab-dev-managed-sg"
            ],
            "source_dest_check": true,
            "spot_instance_request_id": "",
            "subnet_id": "subnet-00fcddf6ed68d5c63",
            "tags": {
              "Name": "ansible-lab-node-3",
              "Role": "managed"
            },
            "tags_all": {
              "Environment": "dev",
              "ManagedBy": "terraform",
              "Name": "ansible-lab-node-3",
              "Project": "ansible-lab",
              "Role": "managed"
            },
            "tenancy": "default",
            "timeouts": null,
            "user_data": "#cloud-config\r\nusers:\r\n  - default\r\n  - name: ubuntu\r\n    shell: /bin/bash\r\n    sudo: ALL=(ALL) NOPASSWD:ALL\r\n    ssh_authorized_keys:\r\n      - ssh-rsa AAAAB3NzaC1yc2EAAAADAQABAAACAQDGKDWIde9BTFDnf9CZnqEQNNOw4Uk3/p64gZY+MP1ihmayrfTFD4SaH64P7l7rK9w6y4wQjOvc/ThqfqPYeC3Vp0m6d2laHeUOvviOHNUxpdQcPvIInKGIjO5IxCLAO24QMf1Q2bg88WUNjva74qzrts4uqIwd8DAKqPUwbjf4R5dz7SiCqqz7yiEBdgW7evOrqkRex/ThWn5BZavhvqdOe6lvhgpnfe5rp0/OvZjeT1Mgs2K0c7F37DBA1lW8hJO2l4qM0bpUtgjyJ2kiAcZHG5nnslBAUmuGjx893Z4WsZzzyCV7lEwa6MyYELRx51tO72Wc9WaG2tfwR49nWzNKnU6bbmxTsOFSbD7ldFX27pkQy9EK1PlG29QsWJfcm/ILYIDoQEUXaaeyMd3MWYMnyxvF3dgnSmCevOUJEHCFTY3QSOmoIb77VXjJEhOLN4LnZJfx2HGE5SIqT026mkzEZu9v/E578AyPYnZRrH4/GfsGEVD0JA5yYJWXbADyHLYGT+z0sn1NudfLFdOy3YhpTENisiZHeN4n3el29y1XeOAq3GoPOoQxbT2+ZkLRQcrXL6/ERi0Lj9ndQZvEF3spZSFNcFxshRsr8f9zWcRVs9ky8s/riIaOIgbz8RsG0DM82SRf7Eit07obp3dRpm+yqeG8kwWYwsP5nj/7hrTfyw== julia@DRAGON-V2\r\n      - ssh-rsa AAAAB3NzaC1yc2EAAAADAQABAAACAQDpnAveiWCixUJ3TTEKUKLPGJFopCgFm8pd2Gz+hLE5Gym3H2D5yYhPum0Fvk3Emllh8Nb3C72YcPyDfx3OfgU6sueviSeeelMEmit2p9yc5CzajlGmbLDf7zJksGRlD35paDUHL0zCP69A7Zz6L5rHHssawGgIXzIM4mL9rtshJXKEU7b8P4LRDv4gbJ58beQH7LHtor+xAPe3rIc/Bd9VvVMxHLOmQ0l33BN3gg8DeOROtcHtGQp1++DbC5+mJBrY6rckjK2yi5CVM892Rc9EjBrMrNOtir9p750yKjU5Z7PxswXA00iW+1GzVCLifGzW1kes/A7S/RbRI9uQR43TiRyEvREPNEmeLxpvn0ssb2r5MtDSGaj88mPvcOOcepoXc+lWi4nZoywno+WYyTCEV2Z1krHegrBe7yNhnu4CttSwpXwqWQkUkF1PCcJ/A04TVhsZNqvyqi9vXzYj7QsKXDP3PGm13pKHfMTEQuQElYS74ONHMvHnIhUUC7OnHbmg4TZOxW+OQzlfPNml3Ut5n8QpYbOy5FqrsutT5+1mTpW66nqUV42JgSEygl79Wp2LVh21/Nf8Qru8vBv5XboRwxgik6AuYZ+Ae4iuWx0d7ubZU4MzdneuymzsmUAGtJI61WZlU1XCHDbiu//D/9hjA5uj/cSyVVieF3fT3LJIyQ== julia@DRAGON-V2\r\n\r\nruncmd:\r\n  - chmod 700 /home/ubuntu/.ssh\r\n  - chmod 600 /home/ubuntu/.ssh/authorized_keys\r\n  - chown -R ubuntu:ubuntu /home/ubuntu/.ssh",
            "user_data_base64": null,
            "user_data_replace_on_change": false,
            "volume_tags": null,
            "vpc_security_group_ids": [
              "sg-04f51f49360bd90d9"
            ]
          },
          "sensitive_attributes": [],
          "identity_schema_version": 0,
          "identity": {
            "account_id": "419197236432",
            "id": "i-0f9e7a88088ea87cf",
            "region": "eu-central-1"
          },
          "private": "eyJlMmJmYjczMC1lY2FhLTExZTYtOGY4OC0zNDM2M2JjN2M0YzAiOnsiY3JlYXRlIjo2MDAwMDAwMDAwMDAsImRlbGV0ZSI6MTIwMDAwMDAwMDAwMCwicmVhZCI6OTAwMDAwMDAwMDAwLCJ1cGRhdGUiOjYwMDAwMDAwMDAwMH0sInNjaGVtYV92ZXJzaW9uIjoiMiJ9",
          "dependencies": [
            "aws_iam_instance_profile.ec2_ssm_profile",
            "aws_iam_role.ec2_ssm_role",
            "aws_key_pair.this",
            "aws_security_group.managed",
            "aws_security_group.master",
            "data.aws_iam_policy_document.ec2_assume_role",
            "data.aws_subnets.default",
            "data.aws_vpc.default"
          ]
        }
      ]
    },
    {
      "mode": "managed",
      "type": "aws_instance",
      "name": "master",
      "provider": "provider[\"registry.terraform.io/hashicorp/aws\"]",
      "instances": [
        {
          "schema_version": 2,
          "attributes": {
            "ami": "ami-02468b0515605b421",
            "arn": "arn:aws:ec2:eu-central-1:419197236432:instance/i-0024819637d7a131b",
            "associate_public_ip_address": true,
            "availability_zone": "eu-central-1c",
            "capacity_reservation_specification": [
              {
                "capacity_reservation_preference": "open",
                "capacity_reservation_target": []
              }
            ],
            "cpu_options": [
              {
                "amd_sev_snp": "",
                "core_count": 1,
                "nested_virtualization": "",
                "threads_per_core": 2
              }
            ],
            "credit_specification": [
              {
                "cpu_credits": "unlimited"
              }
            ],
            "disable_api_stop": false,
            "disable_api_termination": false,
            "ebs_block_device": [],
            "ebs_optimized": false,
            "enable_primary_ipv6": null,
            "enclave_options": [
              {
                "enabled": false
              }
            ],
            "ephemeral_block_device": [],
            "force_destroy": false,
            "get_password_data": false,
            "hibernation": false,
            "host_id": "",
            "host_resource_group_arn": null,
            "iam_instance_profile": "ansible-lab-dev-ec2-ssm-profile",
            "id": "i-0024819637d7a131b",
            "instance_initiated_shutdown_behavior": "stop",
            "instance_lifecycle": "",
            "instance_market_options": [],
            "instance_state": "running",
            "instance_type": "t3.micro",
            "ipv6_address_count": 0,
            "ipv6_addresses": [],
            "key_name": "ansible-lab-key",
            "launch_template": [],
            "maintenance_options": [
              {
                "auto_recovery": "default"
              }
            ],
            "metadata_options": [
              {
                "http_endpoint": "enabled",
                "http_protocol_ipv6": "disabled",
                "http_put_response_hop_limit": 2,
                "http_tokens": "required",
                "instance_metadata_tags": "disabled"
              }
            ],
            "monitoring": false,
            "network_interface": [],
            "outpost_arn": "",
            "password_data": "",
            "placement_group": "",
            "placement_group_id": "",
            "placement_partition_number": 0,
            "primary_network_interface": [
              {
                "delete_on_termination": true,
                "network_interface_id": "eni-026d9892df6d430ef"
              }
            ],
            "primary_network_interface_id": "eni-026d9892df6d430ef",
            "private_dns": "ip-172-31-14-206.eu-central-1.compute.internal",
            "private_dns_name_options": [
              {
                "enable_resource_name_dns_a_record": false,
                "enable_resource_name_dns_aaaa_record": false,
                "hostname_type": "ip-name"
              }
            ],
            "private_ip": "172.31.14.206",
            "public_dns": "ec2-63-177-73-236.eu-central-1.compute.amazonaws.com",
            "public_ip": "63.177.73.236",
            "region": "eu-central-1",
            "root_block_device": [
              {
                "delete_on_termination": true,
                "device_name": "/dev/sda1",
                "encrypted": false,
                "iops": 3000,
                "kms_key_id": "",
                "tags": {
                  "Environment": "dev",
                  "ManagedBy": "terraform",
                  "Project": "ansible-lab"
                },
                "tags_all": {
                  "Environment": "dev",
                  "ManagedBy": "terraform",
                  "Project": "ansible-lab"
                },
                "throughput": 125,
                "volume_id": "vol-07b08370d48fef6fa",
                "volume_size": 8,
                "volume_type": "gp3"
              }
            ],
            "secondary_network_interface": [],
            "secondary_private_ips": [],
            "security_groups": [
              "ansible-lab-dev-master-sg"
            ],
            "source_dest_check": true,
            "spot_instance_request_id": "",
            "subnet_id": "subnet-00fcddf6ed68d5c63",
            "tags": {
              "Name": "ansible-lab-master",
              "Role": "master"
            },
            "tags_all": {
              "Environment": "dev",
              "ManagedBy": "terraform",
              "Name": "ansible-lab-master",
              "Project": "ansible-lab",
              "Role": "master"
            },
            "tenancy": "default",
            "timeouts": null,
            "user_data": "#cloud-config\r\npackage_update: true\r\npackage_upgrade: true\r\n\r\npackages:\r\n  - ansible-core\r\n  - git\r\n  - python3-pip\r\n  - jq\r\n\r\nusers:\r\n  - default\r\n\r\nbootcmd:\r\n  - mkdir -p /home/ubuntu/.ssh\r\n  - mkdir -p /home/ubuntu/ansible\r\n  - chown -R ubuntu:ubuntu /home/ubuntu/.ssh /home/ubuntu/ansible\r\n\r\nwrite_files:\r\n  - path: /home/ubuntu/.ssh/id_rsa\r\n    owner: ubuntu:ubuntu\r\n    permissions: '0600'\r\n    content: |\r\n      -----BEGIN OPENSSH PRIVATE KEY-----\n      b3BlbnNzaC1rZXktdjEAAAAABG5vbmUAAAAEbm9uZQAAAAAAAAABAAACFwAAAAdzc2gtcn\n      NhAAAAAwEAAQAAAgEA6ZwL3olgosVCd00xClCizxiRaKQoBZvKXdhs/oSxORsptx9g+cmI\n      T7ptBb5NxJpZYfDW9wu9mHD8g38dzn4FOrLnr4knnnpTBJordqfcnOQs2o5Rpmyw3+8yZL\n      BkZQ9+aWg1By9Mwj+vQO2c+i+axx7LGsBoCF8yDOJi/a7bISVyhFO2/D+C0Q7+IGyefG3k\n      B+yx7aK/sQD3t6yHPwXfVb1TMRyzpkNJd9wTd4IPA3jkTrXB7RkKdfvg2wufpiQa2Oq3JI\n      ytsouQlTPPdkXPRIwazKzTrYq/ae+dMio1OWez8bMFwNNIlvtRs1Qi4nxs1tZHrPwO0v0W\n      0SPbkEeN04kchL0RDzRJni8ab59LLG9q+TLQ0hmo/PJj73DjnHqaF3PpVouJ2aMsJ6PlmM\n      kwhFdmdZKx3oKwXu8jYZ7uArbUsKV8KlkJFJBdTwnCfwNOE1YbGTar8qovb182I+0LClwz\n      9zxptd6Sh3zExELkBJWEu+DjRzLx5yIVFAuzpx25oOE2TsVvjkM5XzzZpd1LeZ/EKWGzsu\n      Raq7LrU+ftZk6Vuup6lFeNiYEhMoJe/Vqdi1YdtfzX/EK7vLwb+V26EcMYIpOgLmGfgHuI\n      rlsdHe7m2VODM3Z3rsps7JlABrSSOtVmZVNVwhw24rv/w//YYwObo/3EslVYnhd309yySM\n      kAAAdIJYZUjCWGVIwAAAAHc3NoLXJzYQAAAgEA6ZwL3olgosVCd00xClCizxiRaKQoBZvK\n      Xdhs/oSxORsptx9g+cmIT7ptBb5NxJpZYfDW9wu9mHD8g38dzn4FOrLnr4knnnpTBJordq\n      fcnOQs2o5Rpmyw3+8yZLBkZQ9+aWg1By9Mwj+vQO2c+i+axx7LGsBoCF8yDOJi/a7bISVy\n      hFO2/D+C0Q7+IGyefG3kB+yx7aK/sQD3t6yHPwXfVb1TMRyzpkNJd9wTd4IPA3jkTrXB7R\n      kKdfvg2wufpiQa2Oq3JIytsouQlTPPdkXPRIwazKzTrYq/ae+dMio1OWez8bMFwNNIlvtR\n      s1Qi4nxs1tZHrPwO0v0W0SPbkEeN04kchL0RDzRJni8ab59LLG9q+TLQ0hmo/PJj73DjnH\n      qaF3PpVouJ2aMsJ6PlmMkwhFdmdZKx3oKwXu8jYZ7uArbUsKV8KlkJFJBdTwnCfwNOE1Yb\n      GTar8qovb182I+0LClwz9zxptd6Sh3zExELkBJWEu+DjRzLx5yIVFAuzpx25oOE2TsVvjk\n      M5XzzZpd1LeZ/EKWGzsuRaq7LrU+ftZk6Vuup6lFeNiYEhMoJe/Vqdi1YdtfzX/EK7vLwb\n      +V26EcMYIpOgLmGfgHuIrlsdHe7m2VODM3Z3rsps7JlABrSSOtVmZVNVwhw24rv/w//YYw\n      Obo/3EslVYnhd309yySMkAAAADAQABAAACAHPwvHtP1yQxnpEzQFmMN6Fs4g37Gtndvgvh\n      dAbFuGdNMeDus+SEvyBCuAUXs+UVbbMMIsQtkYVs3gYtOo/XP6UoUZBvE7i1oSoxkcyr9v\n      Pu0swNwjxEyWv6fRo36Tu2+tg5ncfZE9F8ZfBlfXk10y1r/QVj5L3y8RYv7U1WUO8cdL90\n      BOcgZj53oGxbPDUpHPlJ4ey8z0J75nXELMN8mKEm+3juc8LatkXEdezkIatpfnYKAxs3SF\n      fSEIDmPe/pD2IE66w6HaL1XWaPdjGO6BVvK4XVaKFCsUlUYMIa7Jt2+nnEjeBrfCViyeOk\n      qEOb2TCu3Jff6UOR1JcrorbyrFITUGkns6bpwM0O+nksNrNpYX/YLySxq0lZDbtwuEm98f\n      0Ci8ZhGP4FjWFpQrqgDk6/HMya/BBj+9eUA5Yp8bGydsl68HIdhogJYEEWDInSBxARFz06\n      I02fSwtZS2t5Fyat0hiUE13L7mplveYeeZU90raEapRGs18j27uBEVZavFEZOjGELSjmav\n      AtiUi2FvN+Dny2hMGM6PjRH/3iB3eIxlY5UNzLIhCFS9ch1b3VsAhwriD8SaUvpEwl0sQM\n      ++JEOOG+/Ncfui6s7giVxDv4HLAA8olJDfVS1LbCtO5xw9rASMtBOoTorpzjGXs/auun1a\n      0IFdwkLNyUh3KcouDhAAABAQDgaUzxGTDBBmRmMdoTDFAWcGBxooUw6ZfsQV3GF8haK1eY\n      wEZdaZ8EzdcVBQey+uMzhvV0Mca54gR/0xEmaDocaMzEBY+l4AqIMnNCH5NvC0Z07Y0NlB\n      pUDGrvPo7Wn4VR8eOfHHOH2W/xBEG01mnJwEx7d9Ff33zfB25H/QQ6OZUitKLzJ/yyEaNe\n      sOaga3dC+jzooEG7r37xuflKASzlrCN0NssoV9yyiKihf5t0CfCpv4oWCXLRucAKeGNgoY\n      hUkHzTtOC/+qBAChwt7PHFolz4lILPareEhwY5Oo49fWwSMBuVTAEgP2+O2orgScVGTMWt\n      zdcPibo0dw2JfSJqAAABAQD+9qpsbg1+WdajIqkHsZgjF15Zy0v9uMlr5ZOsUxPyCHYQkO\n      MXeebq9r5TRvlMzbZyv9DuKCFw39sce005Tdne5xQuMY4DT3j7+at1FjVbpTDK+oTIioUw\n      lA9rVaMWVJ90s3tsEWxkZyoQNHMstrrU0cq8BoYhmReArhZzQDTXcxQpIUGN2cctK8Pqd4\n      bXsUK/DhmTWeq1KXoj079DoDaZYbCnIa/KU6GlPjrqg47ewtDI61wOmwdtLnLcZ0NRVTer\n      QFyVM3JNAdZ5MaHlOIRo9vfucdJ7jOzfWCbbk5ys2/dC6XL1SV+twVCCxhRLKdUwRSYLHV\n      clm7EUR+Nl7IatAAABAQDqjyh4LCO/emP8LNqkIYYRQhtQiYHiU1DhT+byzHz2OXzVKhHp\n      6AD2C4QuISJ2cbR1udV9UkFr8nTerHhXhcev7QNyicWj4BEq45iTQl2oWGo3U4ggHN1T4r\n      mQn1ANdKsO2VL6zKnBmf3rsBFlAu483cl3lve+KDwcCRlbVjgsSA/pBwEsEqkKF1B78cYe\n      xntoQl+LF68UZXz5exrJ4YkNo378uTJobqA5u6xybu4CGMukFHoeQnxXK2EvidE0PE7wiy\n      0944x9gVuwCgfRhC/FTl/Q0ADqHH8zXVvKhVHQiVmf5zg2DTe7U9tYCzcm9kdIdUJihRHp\n      IW2DWjISpXoNAAAAD2p1bGlhQERSQUdPTi1WMgECAw==\n      -----END OPENSSH PRIVATE KEY-----\r\n\r\n  - path: /home/ubuntu/.ssh/id_rsa.pub\r\n    owner: ubuntu:ubuntu\r\n    permissions: '0644'\r\n    content: |\r\n      ssh-rsa AAAAB3NzaC1yc2EAAAADAQABAAACAQDpnAveiWCixUJ3TTEKUKLPGJFopCgFm8pd2Gz+hLE5Gym3H2D5yYhPum0Fvk3Emllh8Nb3C72YcPyDfx3OfgU6sueviSeeelMEmit2p9yc5CzajlGmbLDf7zJksGRlD35paDUHL0zCP69A7Zz6L5rHHssawGgIXzIM4mL9rtshJXKEU7b8P4LRDv4gbJ58beQH7LHtor+xAPe3rIc/Bd9VvVMxHLOmQ0l33BN3gg8DeOROtcHtGQp1++DbC5+mJBrY6rckjK2yi5CVM892Rc9EjBrMrNOtir9p750yKjU5Z7PxswXA00iW+1GzVCLifGzW1kes/A7S/RbRI9uQR43TiRyEvREPNEmeLxpvn0ssb2r5MtDSGaj88mPvcOOcepoXc+lWi4nZoywno+WYyTCEV2Z1krHegrBe7yNhnu4CttSwpXwqWQkUkF1PCcJ/A04TVhsZNqvyqi9vXzYj7QsKXDP3PGm13pKHfMTEQuQElYS74ONHMvHnIhUUC7OnHbmg4TZOxW+OQzlfPNml3Ut5n8QpYbOy5FqrsutT5+1mTpW66nqUV42JgSEygl79Wp2LVh21/Nf8Qru8vBv5XboRwxgik6AuYZ+Ae4iuWx0d7ubZU4MzdneuymzsmUAGtJI61WZlU1XCHDbiu//D/9hjA5uj/cSyVVieF3fT3LJIyQ== julia@DRAGON-V2\r\n\r\n  - path: /home/ubuntu/.ssh/authorized_keys\r\n    owner: ubuntu:ubuntu\r\n    permissions: '0600'\r\n    content: |\r\n      ssh-rsa AAAAB3NzaC1yc2EAAAADAQABAAACAQDGKDWIde9BTFDnf9CZnqEQNNOw4Uk3/p64gZY+MP1ihmayrfTFD4SaH64P7l7rK9w6y4wQjOvc/ThqfqPYeC3Vp0m6d2laHeUOvviOHNUxpdQcPvIInKGIjO5IxCLAO24QMf1Q2bg88WUNjva74qzrts4uqIwd8DAKqPUwbjf4R5dz7SiCqqz7yiEBdgW7evOrqkRex/ThWn5BZavhvqdOe6lvhgpnfe5rp0/OvZjeT1Mgs2K0c7F37DBA1lW8hJO2l4qM0bpUtgjyJ2kiAcZHG5nnslBAUmuGjx893Z4WsZzzyCV7lEwa6MyYELRx51tO72Wc9WaG2tfwR49nWzNKnU6bbmxTsOFSbD7ldFX27pkQy9EK1PlG29QsWJfcm/ILYIDoQEUXaaeyMd3MWYMnyxvF3dgnSmCevOUJEHCFTY3QSOmoIb77VXjJEhOLN4LnZJfx2HGE5SIqT026mkzEZu9v/E578AyPYnZRrH4/GfsGEVD0JA5yYJWXbADyHLYGT+z0sn1NudfLFdOy3YhpTENisiZHeN4n3el29y1XeOAq3GoPOoQxbT2+ZkLRQcrXL6/ERi0Lj9ndQZvEF3spZSFNcFxshRsr8f9zWcRVs9ky8s/riIaOIgbz8RsG0DM82SRf7Eit07obp3dRpm+yqeG8kwWYwsP5nj/7hrTfyw== julia@DRAGON-V2\r\n      ssh-rsa AAAAB3NzaC1yc2EAAAADAQABAAACAQDpnAveiWCixUJ3TTEKUKLPGJFopCgFm8pd2Gz+hLE5Gym3H2D5yYhPum0Fvk3Emllh8Nb3C72YcPyDfx3OfgU6sueviSeeelMEmit2p9yc5CzajlGmbLDf7zJksGRlD35paDUHL0zCP69A7Zz6L5rHHssawGgIXzIM4mL9rtshJXKEU7b8P4LRDv4gbJ58beQH7LHtor+xAPe3rIc/Bd9VvVMxHLOmQ0l33BN3gg8DeOROtcHtGQp1++DbC5+mJBrY6rckjK2yi5CVM892Rc9EjBrMrNOtir9p750yKjU5Z7PxswXA00iW+1GzVCLifGzW1kes/A7S/RbRI9uQR43TiRyEvREPNEmeLxpvn0ssb2r5MtDSGaj88mPvcOOcepoXc+lWi4nZoywno+WYyTCEV2Z1krHegrBe7yNhnu4CttSwpXwqWQkUkF1PCcJ/A04TVhsZNqvyqi9vXzYj7QsKXDP3PGm13pKHfMTEQuQElYS74ONHMvHnIhUUC7OnHbmg4TZOxW+OQzlfPNml3Ut5n8QpYbOy5FqrsutT5+1mTpW66nqUV42JgSEygl79Wp2LVh21/Nf8Qru8vBv5XboRwxgik6AuYZ+Ae4iuWx0d7ubZU4MzdneuymzsmUAGtJI61WZlU1XCHDbiu//D/9hjA5uj/cSyVVieF3fT3LJIyQ== julia@DRAGON-V2\r\n\r\n  - path: /home/ubuntu/ansible/ansible.cfg\r\n    owner: ubuntu:ubuntu\r\n    permissions: '0644'\r\n    content: |\r\n      [defaults]\r\n      inventory = ./inventory.ini\r\n      host_key_checking = False\r\n      private_key_file = /home/ubuntu/.ssh/id_rsa\r\n      interpreter_python = auto_silent\r\n\r\nruncmd:\r\n  - chmod 700 /home/ubuntu/.ssh\r\n  - chmod 600 /home/ubuntu/.ssh/id_rsa\r\n  - chmod 644 /home/ubuntu/.ssh/id_rsa.pub\r\n  - chmod 600 /home/ubuntu/.ssh/authorized_keys\r\n  - chown ubuntu:ubuntu /home/ubuntu/ansible/ansible.cfg\r\n  - ansible --version",
            "user_data_base64": null,
            "user_data_replace_on_change": false,
            "volume_tags": null,
            "vpc_security_group_ids": [
              "sg-02d36a9fd2e9db13b"
            ]
          },
          "sensitive_attributes": [
            [
              {
                "type": "get_attr",
                "value": "user_data"
              }
            ]
          ],
          "identity_schema_version": 0,
          "identity": {
            "account_id": "419197236432",
            "id": "i-0024819637d7a131b",
            "region": "eu-central-1"
          },
          "private": "eyJlMmJmYjczMC1lY2FhLTExZTYtOGY4OC0zNDM2M2JjN2M0YzAiOnsiY3JlYXRlIjo2MDAwMDAwMDAwMDAsImRlbGV0ZSI6MTIwMDAwMDAwMDAwMCwicmVhZCI6OTAwMDAwMDAwMDAwLCJ1cGRhdGUiOjYwMDAwMDAwMDAwMH0sInNjaGVtYV92ZXJzaW9uIjoiMiJ9",
          "dependencies": [
            "aws_iam_instance_profile.ec2_ssm_profile",
            "aws_iam_role.ec2_ssm_role",
            "aws_key_pair.this",
            "aws_security_group.master",
            "data.aws_iam_policy_document.ec2_assume_role",
            "data.aws_subnets.default",
            "data.aws_vpc.default"
          ]
        }
      ]
    },
    {
      "mode": "managed",
      "type": "aws_key_pair",
      "name": "this",
      "provider": "provider[\"registry.terraform.io/hashicorp/aws\"]",
      "instances": [
        {
          "schema_version": 1,
          "attributes": {
            "arn": "arn:aws:ec2:eu-central-1:419197236432:key-pair/ansible-lab-key",
            "fingerprint": "92:2b:11:84:65:be:a5:49:99:57:42:17:3a:86:1a:a6",
            "id": "ansible-lab-key",
            "key_name": "ansible-lab-key",
            "key_name_prefix": "",
            "key_pair_id": "key-06fd5d131dcb67f4f",
            "key_type": "rsa",
            "public_key": "ssh-rsa AAAAB3NzaC1yc2EAAAADAQABAAACAQDGKDWIde9BTFDnf9CZnqEQNNOw4Uk3/p64gZY+MP1ihmayrfTFD4SaH64P7l7rK9w6y4wQjOvc/ThqfqPYeC3Vp0m6d2laHeUOvviOHNUxpdQcPvIInKGIjO5IxCLAO24QMf1Q2bg88WUNjva74qzrts4uqIwd8DAKqPUwbjf4R5dz7SiCqqz7yiEBdgW7evOrqkRex/ThWn5BZavhvqdOe6lvhgpnfe5rp0/OvZjeT1Mgs2K0c7F37DBA1lW8hJO2l4qM0bpUtgjyJ2kiAcZHG5nnslBAUmuGjx893Z4WsZzzyCV7lEwa6MyYELRx51tO72Wc9WaG2tfwR49nWzNKnU6bbmxTsOFSbD7ldFX27pkQy9EK1PlG29QsWJfcm/ILYIDoQEUXaaeyMd3MWYMnyxvF3dgnSmCevOUJEHCFTY3QSOmoIb77VXjJEhOLN4LnZJfx2HGE5SIqT026mkzEZu9v/E578AyPYnZRrH4/GfsGEVD0JA5yYJWXbADyHLYGT+z0sn1NudfLFdOy3YhpTENisiZHeN4n3el29y1XeOAq3GoPOoQxbT2+ZkLRQcrXL6/ERi0Lj9ndQZvEF3spZSFNcFxshRsr8f9zWcRVs9ky8s/riIaOIgbz8RsG0DM82SRf7Eit07obp3dRpm+yqeG8kwWYwsP5nj/7hrTfyw== julia@DRAGON-V2",
            "region": "eu-central-1",
            "tags": {},
            "tags_all": {
              "Environment": "dev",
              "ManagedBy": "terraform",
              "Project": "ansible-lab"
            }
          },
          "sensitive_attributes": [],
          "identity_schema_version": 0,
          "private": "eyJzY2hlbWFfdmVyc2lvbiI6IjEifQ=="
        }
      ]
    },
    {
      "mode": "managed",
      "type": "aws_security_group",
      "name": "managed",
      "provider": "provider[\"registry.terraform.io/hashicorp/aws\"]",
      "instances": [
        {
          "schema_version": 1,
          "attributes": {
            "arn": "arn:aws:ec2:eu-central-1:419197236432:security-group/sg-04f51f49360bd90d9",
            "description": "Security group for managed instances",
            "egress": [
              {
                "cidr_blocks": [
                  "0.0.0.0/0"
                ],
                "description": "",
                "from_port": 0,
                "ipv6_cidr_blocks": [],
                "prefix_list_ids": [],
                "protocol": "-1",
                "security_groups": [],
                "self": false,
                "to_port": 0
              }
            ],
            "id": "sg-04f51f49360bd90d9",
            "ingress": [
              {
                "cidr_blocks": [],
                "description": "SSH from master security group",
                "from_port": 22,
                "ipv6_cidr_blocks": [],
                "prefix_list_ids": [],
                "protocol": "tcp",
                "security_groups": [
                  "sg-02d36a9fd2e9db13b"
                ],
                "self": false,
                "to_port": 22
              }
            ],
            "name": "ansible-lab-dev-managed-sg",
            "name_prefix": "",
            "owner_id": "419197236432",
            "region": "eu-central-1",
            "revoke_rules_on_delete": false,
            "tags": {
              "Name": "ansible-lab-dev-managed-sg"
            },
            "tags_all": {
              "Environment": "dev",
              "ManagedBy": "terraform",
              "Name": "ansible-lab-dev-managed-sg",
              "Project": "ansible-lab"
            },
            "timeouts": null,
            "vpc_id": "vpc-03857079d2a72a2db"
          },
          "sensitive_attributes": [],
          "identity_schema_version": 0,
          "identity": {
            "account_id": "419197236432",
            "id": "sg-04f51f49360bd90d9",
            "region": "eu-central-1"
          },
          "private": "eyJlMmJmYjczMC1lY2FhLTExZTYtOGY4OC0zNDM2M2JjN2M0YzAiOnsiY3JlYXRlIjo2MDAwMDAwMDAwMDAsImRlbGV0ZSI6OTAwMDAwMDAwMDAwfSwic2NoZW1hX3ZlcnNpb24iOiIxIn0=",
          "dependencies": [
            "aws_security_group.master",
            "data.aws_vpc.default"
          ]
        }
      ]
    },
    {
      "mode": "managed",
      "type": "aws_security_group",
      "name": "master",
      "provider": "provider[\"registry.terraform.io/hashicorp/aws\"]",
      "instances": [
        {
          "schema_version": 1,
          "attributes": {
            "arn": "arn:aws:ec2:eu-central-1:419197236432:security-group/sg-02d36a9fd2e9db13b",
            "description": "Security group for master instance",
            "egress": [
              {
                "cidr_blocks": [
                  "0.0.0.0/0"
                ],
                "description": "",
                "from_port": 0,
                "ipv6_cidr_blocks": [],
                "prefix_list_ids": [],
                "protocol": "-1",
                "security_groups": [],
                "self": false,
                "to_port": 0
              }
            ],
            "id": "sg-02d36a9fd2e9db13b",
            "ingress": [
              {
                "cidr_blocks": [
                  "46.205.211.185/32"
                ],
                "description": "SSH from my IP",
                "from_port": 22,
                "ipv6_cidr_blocks": [],
                "prefix_list_ids": [],
                "protocol": "tcp",
                "security_groups": [],
                "self": false,
                "to_port": 22
              }
            ],
            "name": "ansible-lab-dev-master-sg",
            "name_prefix": "",
            "owner_id": "419197236432",
            "region": "eu-central-1",
            "revoke_rules_on_delete": false,
            "tags": {
              "Name": "ansible-lab-dev-master-sg"
            },
            "tags_all": {
              "Environment": "dev",
              "ManagedBy": "terraform",
              "Name": "ansible-lab-dev-master-sg",
              "Project": "ansible-lab"
            },
            "timeouts": null,
            "vpc_id": "vpc-03857079d2a72a2db"
          },
          "sensitive_attributes": [],
          "identity_schema_version": 0,
          "identity": {
            "account_id": "419197236432",
            "id": "sg-02d36a9fd2e9db13b",
            "region": "eu-central-1"
          },
          "private": "eyJlMmJmYjczMC1lY2FhLTExZTYtOGY4OC0zNDM2M2JjN2M0YzAiOnsiY3JlYXRlIjo2MDAwMDAwMDAwMDAsImRlbGV0ZSI6OTAwMDAwMDAwMDAwfSwic2NoZW1hX3ZlcnNpb24iOiIxIn0=",
          "dependencies": [
            "data.aws_vpc.default"
          ]
        }
      ]
    }
  ],
  "check_results": [
    {
      "object_kind": "var",
      "config_addr": "var.ansible_public_key_path",
      "status": "pass",
      "objects": [
        {
          "object_addr": "var.ansible_public_key_path",
          "status": "pass"
        }
      ]
    },
    {
      "object_kind": "var",
      "config_addr": "var.ami_id",
      "status": "pass",
      "objects": [
        {
          "object_addr": "var.ami_id",
          "status": "pass"
        }
      ]
    },
    {
      "object_kind": "var",
      "config_addr": "var.project_name",
      "status": "pass",
      "objects": [
        {
          "object_addr": "var.project_name",
          "status": "pass"
        }
      ]
    },
    {
      "object_kind": "var",
      "config_addr": "var.environment",
      "status": "pass",
      "objects": [
        {
          "object_addr": "var.environment",
          "status": "pass"
        }
      ]
    },
    {
      "object_kind": "var",
      "config_addr": "var.admin_public_key_path",
      "status": "pass",
      "objects": [
        {
          "object_addr": "var.admin_public_key_path",
          "status": "pass"
        }
      ]
    },
    {
      "object_kind": "var",
      "config_addr": "var.instance_type",
      "status": "pass",
      "objects": [
        {
          "object_addr": "var.instance_type",
          "status": "pass"
        }
      ]
    },
    {
      "object_kind": "var",
      "config_addr": "var.my_ip_cidr",
      "status": "pass",
      "objects": [
        {
          "object_addr": "var.my_ip_cidr",
          "status": "pass"
        }
      ]
    },
    {
      "object_kind": "var",
      "config_addr": "var.ansible_private_key_path",
      "status": "pass",
      "objects": [
        {
          "object_addr": "var.ansible_private_key_path",
          "status": "pass"
        }
      ]
    },
    {
      "object_kind": "var",
      "config_addr": "var.key_name",
      "status": "pass",
      "objects": [
        {
          "object_addr": "var.key_name",
          "status": "pass"
        }
      ]
    },
    {
      "object_kind": "var",
      "config_addr": "var.managed_count",
      "status": "pass",
      "objects": [
        {
          "object_addr": "var.managed_count",
          "status": "pass"
        }
      ]
    },
    {
      "object_kind": "var",
      "config_addr": "var.aws_region",
      "status": "pass",
      "objects": [
        {
          "object_addr": "var.aws_region",
          "status": "pass"
        }
      ]
    }
  ]
}
