{
  "version": 4,
  "terraform_version": "1.15.3",
  "serial": 96,
  "lineage": "7df92c02-b589-c3e1-35cf-fd6c8ba04cb9",
  "outputs": {
    "database_instance_id": {
      "value": "i-076dd21d4deb22a2e",
      "type": "string"
    },
    "database_private_ip": {
      "value": "10.0.20.225",
      "type": "string"
    },
    "database_public_ip": {
      "value": "",
      "type": "string"
    },
    "master_instance_id": {
      "value": "i-01726759358d6a885",
      "type": "string"
    },
    "master_private_ip": {
      "value": "10.0.10.197",
      "type": "string"
    },
    "master_public_ip": {
      "value": "3.75.193.123",
      "type": "string"
    },
    "webserver_instance_ids": {
      "value": [
        "i-01a6aecd010b01cf4",
        "i-0757f5aff0b48905a"
      ],
      "type": [
        "tuple",
        [
          "string",
          "string"
        ]
      ]
    },
    "webserver_private_ips": {
      "value": [
        "10.0.10.240",
        "10.0.11.200"
      ],
      "type": [
        "tuple",
        [
          "string",
          "string"
        ]
      ]
    },
    "webserver_public_ips": {
      "value": [
        "18.194.41.99",
        "18.156.2.211"
      ],
      "type": [
        "tuple",
        [
          "string",
          "string"
        ]
      ]
    },
    "webserwer_list": {
      "value": {
        "18.156.2.211": "ec2-18-156-2-211.eu-central-1.compute.amazonaws.com",
        "18.194.41.99": "ec2-18-194-41-99.eu-central-1.compute.amazonaws.com"
      },
      "type": [
        "object",
        {
          "18.156.2.211": "string",
          "18.194.41.99": "string"
        }
      ]
    }
  },
  "resources": [
    {
      "mode": "data",
      "type": "aws_availability_zones",
      "name": "available",
      "provider": "provider[\"registry.terraform.io/hashicorp/aws\"]",
      "instances": [
        {
          "schema_version": 0,
          "attributes": {
            "all_availability_zones": null,
            "exclude_names": null,
            "exclude_zone_ids": null,
            "filter": null,
            "group_names": [
              "eu-central-1-zg-1"
            ],
            "id": "eu-central-1",
            "names": [
              "eu-central-1a",
              "eu-central-1b",
              "eu-central-1c"
            ],
            "region": "eu-central-1",
            "state": "available",
            "timeouts": null,
            "zone_ids": [
              "euc1-az2",
              "euc1-az3",
              "euc1-az1"
            ]
          },
          "sensitive_attributes": [],
          "identity_schema_version": 0
        }
      ]
    },
    {
      "mode": "data",
      "type": "aws_iam_policy_document",
      "name": "ec2_assume_role",
      "provider": "provider[\"registry.terraform.io/hashicorp/aws\"]",
      "instances": [
        {
          "schema_version": 0,
          "attributes": {
            "id": "2851119427",
            "json": "{\n  \"Version\": \"2012-10-17\",\n  \"Statement\": [\n    {\n      \"Effect\": \"Allow\",\n      \"Action\": \"sts:AssumeRole\",\n      \"Principal\": {\n        \"Service\": \"ec2.amazonaws.com\"\n      }\n    }\n  ]\n}",
            "minified_json": "{\"Version\":\"2012-10-17\",\"Statement\":[{\"Effect\":\"Allow\",\"Action\":\"sts:AssumeRole\",\"Principal\":{\"Service\":\"ec2.amazonaws.com\"}}]}",
            "override_json": null,
            "override_policy_documents": null,
            "policy_id": null,
            "source_json": null,
            "source_policy_documents": null,
            "statement": [
              {
                "actions": [
                  "sts:AssumeRole"
                ],
                "condition": [],
                "effect": "Allow",
                "not_actions": [],
                "not_principals": [],
                "not_resources": [],
                "principals": [
                  {
                    "identifiers": [
                      "ec2.amazonaws.com"
                    ],
                    "type": "Service"
                  }
                ],
                "resources": [],
                "sid": ""
              }
            ],
            "version": "2012-10-17"
          },
          "sensitive_attributes": [],
          "identity_schema_version": 0
        }
      ]
    },
    {
      "mode": "managed",
      "type": "aws_iam_instance_profile",
      "name": "ec2_ssm_profile",
      "provider": "provider[\"registry.terraform.io/hashicorp/aws\"]",
      "instances": [
        {
          "schema_version": 0,
          "attributes": {
            "arn": "arn:aws:iam::419197236432:instance-profile/ansible-dev-ec2-ssm-profile",
            "create_date": "2026-05-17T19:03:51Z",
            "id": "ansible-dev-ec2-ssm-profile",
            "name": "ansible-dev-ec2-ssm-profile",
            "name_prefix": "",
            "path": "/",
            "role": "ansible-dev-ec2-ssm-role",
            "tags": null,
            "tags_all": {
              "Environment": "dev",
              "ManagedBy": "terraform",
              "Project": "ansible"
            },
            "unique_id": "AIPAWDGQ2GTINXYKDZZBP"
          },
          "sensitive_attributes": [],
          "identity_schema_version": 0,
          "identity": {
            "account_id": "419197236432",
            "name": "ansible-dev-ec2-ssm-profile"
          },
          "private": "bnVsbA==",
          "dependencies": [
            "aws_iam_role.ec2_ssm_role",
            "data.aws_iam_policy_document.ec2_assume_role"
          ]
        }
      ]
    },
    {
      "mode": "managed",
      "type": "aws_iam_role",
      "name": "ec2_ssm_role",
      "provider": "provider[\"registry.terraform.io/hashicorp/aws\"]",
      "instances": [
        {
          "schema_version": 0,
          "attributes": {
            "arn": "arn:aws:iam::419197236432:role/ansible-dev-ec2-ssm-role",
            "assume_role_policy": "{\"Statement\":[{\"Action\":\"sts:AssumeRole\",\"Effect\":\"Allow\",\"Principal\":{\"Service\":\"ec2.amazonaws.com\"}}],\"Version\":\"2012-10-17\"}",
            "create_date": "2026-05-17T19:03:50Z",
            "description": "",
            "force_detach_policies": false,
            "id": "ansible-dev-ec2-ssm-role",
            "inline_policy": [],
            "managed_policy_arns": [],
            "max_session_duration": 3600,
            "name": "ansible-dev-ec2-ssm-role",
            "name_prefix": "",
            "path": "/",
            "permissions_boundary": "",
            "tags": null,
            "tags_all": {
              "Environment": "dev",
              "ManagedBy": "terraform",
              "Project": "ansible"
            },
            "unique_id": "AROAWDGQ2GTIBMLS4KZBW"
          },
          "sensitive_attributes": [],
          "identity_schema_version": 0,
          "identity": {
            "account_id": "419197236432",
            "name": "ansible-dev-ec2-ssm-role"
          },
          "private": "bnVsbA==",
          "dependencies": [
            "data.aws_iam_policy_document.ec2_assume_role"
          ]
        }
      ]
    },
    {
      "mode": "managed",
      "type": "aws_iam_role_policy_attachment",
      "name": "ssm_core",
      "provider": "provider[\"registry.terraform.io/hashicorp/aws\"]",
      "instances": [
        {
          "schema_version": 0,
          "attributes": {
            "id": "ansible-dev-ec2-ssm-role/arn:aws:iam::aws:policy/AmazonSSMManagedInstanceCore",
            "policy_arn": "arn:aws:iam::aws:policy/AmazonSSMManagedInstanceCore",
            "role": "ansible-dev-ec2-ssm-role"
          },
          "sensitive_attributes": [],
          "identity_schema_version": 0,
          "identity": {
            "account_id": "419197236432",
            "policy_arn": "arn:aws:iam::aws:policy/AmazonSSMManagedInstanceCore",
            "role": "ansible-dev-ec2-ssm-role"
          },
          "private": "bnVsbA==",
          "dependencies": [
            "aws_iam_role.ec2_ssm_role",
            "data.aws_iam_policy_document.ec2_assume_role"
          ]
        }
      ]
    },
    {
      "mode": "managed",
      "type": "aws_instance",
      "name": "database",
      "provider": "provider[\"registry.terraform.io/hashicorp/aws\"]",
      "instances": [
        {
          "schema_version": 2,
          "attributes": {
            "ami": "ami-02468b0515605b421",
            "arn": "arn:aws:ec2:eu-central-1:419197236432:instance/i-076dd21d4deb22a2e",
            "associate_public_ip_address": false,
            "availability_zone": "eu-central-1a",
            "capacity_reservation_specification": [
              {
                "capacity_reservation_preference": "open",
                "capacity_reservation_target": []
              }
            ],
            "cpu_options": [
              {
                "amd_sev_snp": "",
                "core_count": 1,
                "nested_virtualization": "",
                "threads_per_core": 2
              }
            ],
            "credit_specification": [
              {
                "cpu_credits": "unlimited"
              }
            ],
            "disable_api_stop": false,
            "disable_api_termination": false,
            "ebs_block_device": [],
            "ebs_optimized": false,
            "enable_primary_ipv6": null,
            "enclave_options": [
              {
                "enabled": false
              }
            ],
            "ephemeral_block_device": [],
            "force_destroy": false,
            "get_password_data": false,
            "hibernation": false,
            "host_id": "",
            "host_resource_group_arn": null,
            "iam_instance_profile": "ansible-dev-ec2-ssm-profile",
            "id": "i-076dd21d4deb22a2e",
            "instance_initiated_shutdown_behavior": "stop",
            "instance_lifecycle": "",
            "instance_market_options": [],
            "instance_state": "running",
            "instance_type": "t3.micro",
            "ipv6_address_count": 0,
            "ipv6_addresses": [],
            "key_name": "ansible-key",
            "launch_template": [],
            "maintenance_options": [
              {
                "auto_recovery": "default"
              }
            ],
            "metadata_options": [
              {
                "http_endpoint": "enabled",
                "http_protocol_ipv6": "disabled",
                "http_put_response_hop_limit": 2,
                "http_tokens": "required",
                "instance_metadata_tags": "disabled"
              }
            ],
            "monitoring": false,
            "network_interface": [],
            "outpost_arn": "",
            "password_data": "",
            "placement_group": "",
            "placement_group_id": "",
            "placement_partition_number": 0,
            "primary_network_interface": [
              {
                "delete_on_termination": true,
                "network_interface_id": "eni-07d56b4a937232e1c"
              }
            ],
            "primary_network_interface_id": "eni-07d56b4a937232e1c",
            "private_dns": "ip-10-0-20-225.eu-central-1.compute.internal",
            "private_dns_name_options": [
              {
                "enable_resource_name_dns_a_record": false,
                "enable_resource_name_dns_aaaa_record": false,
                "hostname_type": "ip-name"
              }
            ],
            "private_ip": "10.0.20.225",
            "public_dns": "",
            "public_ip": "",
            "region": "eu-central-1",
            "root_block_device": [
              {
                "delete_on_termination": true,
                "device_name": "/dev/sda1",
                "encrypted": false,
                "iops": 3000,
                "kms_key_id": "",
                "tags": {
                  "Environment": "dev",
                  "ManagedBy": "terraform",
                  "Project": "ansible"
                },
                "tags_all": {
                  "Environment": "dev",
                  "ManagedBy": "terraform",
                  "Project": "ansible"
                },
                "throughput": 125,
                "volume_id": "vol-01874bc982f92e367",
                "volume_size": 8,
                "volume_type": "gp3"
              }
            ],
            "secondary_network_interface": [],
            "secondary_private_ips": [],
            "security_groups": [],
            "source_dest_check": true,
            "spot_instance_request_id": "",
            "subnet_id": "subnet-08e3125e2416d89e8",
            "tags": {
              "Name": "ansible-database",
              "Role": "database"
            },
            "tags_all": {
              "Environment": "dev",
              "ManagedBy": "terraform",
              "Name": "ansible-database",
              "Project": "ansible",
              "Role": "database"
            },
            "tenancy": "default",
            "timeouts": null,
            "user_data": "#cloud-config\nusers:\n  - default\n  - name: ubuntu\n    shell: /bin/bash\n    sudo: ALL=(ALL) NOPASSWD:ALL\n    ssh_authorized_keys:\n      - ssh-rsa AAAAB3NzaC1yc2EAAAADAQABAAACAQDGKDWIde9BTFDnf9CZnqEQNNOw4Uk3/p64gZY+MP1ihmayrfTFD4SaH64P7l7rK9w6y4wQjOvc/ThqfqPYeC3Vp0m6d2laHeUOvviOHNUxpdQcPvIInKGIjO5IxCLAO24QMf1Q2bg88WUNjva74qzrts4uqIwd8DAKqPUwbjf4R5dz7SiCqqz7yiEBdgW7evOrqkRex/ThWn5BZavhvqdOe6lvhgpnfe5rp0/OvZjeT1Mgs2K0c7F37DBA1lW8hJO2l4qM0bpUtgjyJ2kiAcZHG5nnslBAUmuGjx893Z4WsZzzyCV7lEwa6MyYELRx51tO72Wc9WaG2tfwR49nWzNKnU6bbmxTsOFSbD7ldFX27pkQy9EK1PlG29QsWJfcm/ILYIDoQEUXaaeyMd3MWYMnyxvF3dgnSmCevOUJEHCFTY3QSOmoIb77VXjJEhOLN4LnZJfx2HGE5SIqT026mkzEZu9v/E578AyPYnZRrH4/GfsGEVD0JA5yYJWXbADyHLYGT+z0sn1NudfLFdOy3YhpTENisiZHeN4n3el29y1XeOAq3GoPOoQxbT2+ZkLRQcrXL6/ERi0Lj9ndQZvEF3spZSFNcFxshRsr8f9zWcRVs9ky8s/riIaOIgbz8RsG0DM82SRf7Eit07obp3dRpm+yqeG8kwWYwsP5nj/7hrTfyw== julia@DRAGON-V2\n      - ssh-rsa AAAAB3NzaC1yc2EAAAADAQABAAACAQDpnAveiWCixUJ3TTEKUKLPGJFopCgFm8pd2Gz+hLE5Gym3H2D5yYhPum0Fvk3Emllh8Nb3C72YcPyDfx3OfgU6sueviSeeelMEmit2p9yc5CzajlGmbLDf7zJksGRlD35paDUHL0zCP69A7Zz6L5rHHssawGgIXzIM4mL9rtshJXKEU7b8P4LRDv4gbJ58beQH7LHtor+xAPe3rIc/Bd9VvVMxHLOmQ0l33BN3gg8DeOROtcHtGQp1++DbC5+mJBrY6rckjK2yi5CVM892Rc9EjBrMrNOtir9p750yKjU5Z7PxswXA00iW+1GzVCLifGzW1kes/A7S/RbRI9uQR43TiRyEvREPNEmeLxpvn0ssb2r5MtDSGaj88mPvcOOcepoXc+lWi4nZoywno+WYyTCEV2Z1krHegrBe7yNhnu4CttSwpXwqWQkUkF1PCcJ/A04TVhsZNqvyqi9vXzYj7QsKXDP3PGm13pKHfMTEQuQElYS74ONHMvHnIhUUC7OnHbmg4TZOxW+OQzlfPNml3Ut5n8QpYbOy5FqrsutT5+1mTpW66nqUV42JgSEygl79Wp2LVh21/Nf8Qru8vBv5XboRwxgik6AuYZ+Ae4iuWx0d7ubZU4MzdneuymzsmUAGtJI61WZlU1XCHDbiu//D/9hjA5uj/cSyVVieF3fT3LJIyQ== julia@DRAGON-V2\n\nruncmd:\n  - chmod 700 /home/ubuntu/.ssh\n  - chmod 600 /home/ubuntu/.ssh/authorized_keys\n  - chown -R ubuntu:ubuntu /home/ubuntu/.ssh",
            "user_data_base64": null,
            "user_data_replace_on_change": false,
            "volume_tags": null,
            "vpc_security_group_ids": [
              "sg-07037368a35e6d9a7"
            ]
          },
          "sensitive_attributes": [],
          "identity_schema_version": 0,
          "identity": {
            "account_id": "419197236432",
            "id": "i-076dd21d4deb22a2e",
            "region": "eu-central-1"
          },
          "private": "eyJlMmJmYjczMC1lY2FhLTExZTYtOGY4OC0zNDM2M2JjN2M0YzAiOnsiY3JlYXRlIjo2MDAwMDAwMDAwMDAsImRlbGV0ZSI6MTIwMDAwMDAwMDAwMCwicmVhZCI6OTAwMDAwMDAwMDAwLCJ1cGRhdGUiOjYwMDAwMDAwMDAwMH0sInNjaGVtYV92ZXJzaW9uIjoiMiJ9",
          "dependencies": [
            "aws_iam_instance_profile.ec2_ssm_profile",
            "aws_iam_role.ec2_ssm_role",
            "aws_key_pair.this",
            "aws_security_group.database",
            "aws_security_group.master",
            "aws_security_group.webserver",
            "data.aws_availability_zones.available",
            "data.aws_iam_policy_document.ec2_assume_role",
            "module.vpc.aws_subnet.private",
            "module.vpc.aws_vpc.this",
            "module.vpc.aws_vpc_ipv4_cidr_block_association.this"
          ]
        }
      ]
    },
    {
      "mode": "managed",
      "type": "aws_instance",
      "name": "master",
      "provider": "provider[\"registry.terraform.io/hashicorp/aws\"]",
      "instances": [
        {
          "schema_version": 2,
          "attributes": {
            "ami": "ami-02468b0515605b421",
            "arn": "arn:aws:ec2:eu-central-1:419197236432:instance/i-01726759358d6a885",
            "associate_public_ip_address": true,
            "availability_zone": "eu-central-1a",
            "capacity_reservation_specification": [
              {
                "capacity_reservation_preference": "open",
                "capacity_reservation_target": []
              }
            ],
            "cpu_options": [
              {
                "amd_sev_snp": "",
                "core_count": 1,
                "nested_virtualization": "",
                "threads_per_core": 2
              }
            ],
            "credit_specification": [
              {
                "cpu_credits": "unlimited"
              }
            ],
            "disable_api_stop": false,
            "disable_api_termination": false,
            "ebs_block_device": [],
            "ebs_optimized": false,
            "enable_primary_ipv6": null,
            "enclave_options": [
              {
                "enabled": false
              }
            ],
            "ephemeral_block_device": [],
            "force_destroy": false,
            "get_password_data": false,
            "hibernation": false,
            "host_id": "",
            "host_resource_group_arn": null,
            "iam_instance_profile": "ansible-dev-ec2-ssm-profile",
            "id": "i-01726759358d6a885",
            "instance_initiated_shutdown_behavior": "stop",
            "instance_lifecycle": "",
            "instance_market_options": [],
            "instance_state": "running",
            "instance_type": "t3.micro",
            "ipv6_address_count": 0,
            "ipv6_addresses": [],
            "key_name": "ansible-key",
            "launch_template": [],
            "maintenance_options": [
              {
                "auto_recovery": "default"
              }
            ],
            "metadata_options": [
              {
                "http_endpoint": "enabled",
                "http_protocol_ipv6": "disabled",
                "http_put_response_hop_limit": 2,
                "http_tokens": "required",
                "instance_metadata_tags": "disabled"
              }
            ],
            "monitoring": false,
            "network_interface": [],
            "outpost_arn": "",
            "password_data": "",
            "placement_group": "",
            "placement_group_id": "",
            "placement_partition_number": 0,
            "primary_network_interface": [
              {
                "delete_on_termination": true,
                "network_interface_id": "eni-0b4a89f5241f4953b"
              }
            ],
            "primary_network_interface_id": "eni-0b4a89f5241f4953b",
            "private_dns": "ip-10-0-10-197.eu-central-1.compute.internal",
            "private_dns_name_options": [
              {
                "enable_resource_name_dns_a_record": false,
                "enable_resource_name_dns_aaaa_record": false,
                "hostname_type": "ip-name"
              }
            ],
            "private_ip": "10.0.10.197",
            "public_dns": "ec2-3-75-193-123.eu-central-1.compute.amazonaws.com",
            "public_ip": "3.75.193.123",
            "region": "eu-central-1",
            "root_block_device": [
              {
                "delete_on_termination": true,
                "device_name": "/dev/sda1",
                "encrypted": false,
                "iops": 3000,
                "kms_key_id": "",
                "tags": {
                  "Environment": "dev",
                  "ManagedBy": "terraform",
                  "Project": "ansible"
                },
                "tags_all": {
                  "Environment": "dev",
                  "ManagedBy": "terraform",
                  "Project": "ansible"
                },
                "throughput": 125,
                "volume_id": "vol-0a079fbd01b9ab263",
                "volume_size": 8,
                "volume_type": "gp3"
              }
            ],
            "secondary_network_interface": [],
            "secondary_private_ips": [],
            "security_groups": [],
            "source_dest_check": true,
            "spot_instance_request_id": "",
            "subnet_id": "subnet-07175456be790d1fc",
            "tags": {
              "Name": "ansible-master",
              "Role": "master"
            },
            "tags_all": {
              "Environment": "dev",
              "ManagedBy": "terraform",
              "Name": "ansible-master",
              "Project": "ansible",
              "Role": "master"
            },
            "tenancy": "default",
            "timeouts": null,
            "user_data": "#cloud-config\npackage_update: true\npackage_upgrade: true\n\npackages:\n  - ansible-core\n  - git\n  - python3-pip\n  - jq\n\nusers:\n  - default\n  - name: ubuntu\n    ssh_authorized_keys:\n      - ssh-rsa AAAAB3NzaC1yc2EAAAADAQABAAACAQDGKDWIde9BTFDnf9CZnqEQNNOw4Uk3/p64gZY+MP1ihmayrfTFD4SaH64P7l7rK9w6y4wQjOvc/ThqfqPYeC3Vp0m6d2laHeUOvviOHNUxpdQcPvIInKGIjO5IxCLAO24QMf1Q2bg88WUNjva74qzrts4uqIwd8DAKqPUwbjf4R5dz7SiCqqz7yiEBdgW7evOrqkRex/ThWn5BZavhvqdOe6lvhgpnfe5rp0/OvZjeT1Mgs2K0c7F37DBA1lW8hJO2l4qM0bpUtgjyJ2kiAcZHG5nnslBAUmuGjx893Z4WsZzzyCV7lEwa6MyYELRx51tO72Wc9WaG2tfwR49nWzNKnU6bbmxTsOFSbD7ldFX27pkQy9EK1PlG29QsWJfcm/ILYIDoQEUXaaeyMd3MWYMnyxvF3dgnSmCevOUJEHCFTY3QSOmoIb77VXjJEhOLN4LnZJfx2HGE5SIqT026mkzEZu9v/E578AyPYnZRrH4/GfsGEVD0JA5yYJWXbADyHLYGT+z0sn1NudfLFdOy3YhpTENisiZHeN4n3el29y1XeOAq3GoPOoQxbT2+ZkLRQcrXL6/ERi0Lj9ndQZvEF3spZSFNcFxshRsr8f9zWcRVs9ky8s/riIaOIgbz8RsG0DM82SRf7Eit07obp3dRpm+yqeG8kwWYwsP5nj/7hrTfyw== julia@DRAGON-V2\n      - ssh-rsa AAAAB3NzaC1yc2EAAAADAQABAAACAQDpnAveiWCixUJ3TTEKUKLPGJFopCgFm8pd2Gz+hLE5Gym3H2D5yYhPum0Fvk3Emllh8Nb3C72YcPyDfx3OfgU6sueviSeeelMEmit2p9yc5CzajlGmbLDf7zJksGRlD35paDUHL0zCP69A7Zz6L5rHHssawGgIXzIM4mL9rtshJXKEU7b8P4LRDv4gbJ58beQH7LHtor+xAPe3rIc/Bd9VvVMxHLOmQ0l33BN3gg8DeOROtcHtGQp1++DbC5+mJBrY6rckjK2yi5CVM892Rc9EjBrMrNOtir9p750yKjU5Z7PxswXA00iW+1GzVCLifGzW1kes/A7S/RbRI9uQR43TiRyEvREPNEmeLxpvn0ssb2r5MtDSGaj88mPvcOOcepoXc+lWi4nZoywno+WYyTCEV2Z1krHegrBe7yNhnu4CttSwpXwqWQkUkF1PCcJ/A04TVhsZNqvyqi9vXzYj7QsKXDP3PGm13pKHfMTEQuQElYS74ONHMvHnIhUUC7OnHbmg4TZOxW+OQzlfPNml3Ut5n8QpYbOy5FqrsutT5+1mTpW66nqUV42JgSEygl79Wp2LVh21/Nf8Qru8vBv5XboRwxgik6AuYZ+Ae4iuWx0d7ubZU4MzdneuymzsmUAGtJI61WZlU1XCHDbiu//D/9hjA5uj/cSyVVieF3fT3LJIyQ== julia@DRAGON-V2\n\nwrite_files:\n  - path: /root/id_rsa\n    permissions: '0600'\n    content: |\n      -----BEGIN OPENSSH PRIVATE KEY-----\n      b3BlbnNzaC1rZXktdjEAAAAABG5vbmUAAAAEbm9uZQAAAAAAAAABAAACFwAAAAdzc2gtcn\n      NhAAAAAwEAAQAAAgEA6ZwL3olgosVCd00xClCizxiRaKQoBZvKXdhs/oSxORsptx9g+cmI\n      T7ptBb5NxJpZYfDW9wu9mHD8g38dzn4FOrLnr4knnnpTBJordqfcnOQs2o5Rpmyw3+8yZL\n      BkZQ9+aWg1By9Mwj+vQO2c+i+axx7LGsBoCF8yDOJi/a7bISVyhFO2/D+C0Q7+IGyefG3k\n      B+yx7aK/sQD3t6yHPwXfVb1TMRyzpkNJd9wTd4IPA3jkTrXB7RkKdfvg2wufpiQa2Oq3JI\n      ytsouQlTPPdkXPRIwazKzTrYq/ae+dMio1OWez8bMFwNNIlvtRs1Qi4nxs1tZHrPwO0v0W\n      0SPbkEeN04kchL0RDzRJni8ab59LLG9q+TLQ0hmo/PJj73DjnHqaF3PpVouJ2aMsJ6PlmM\n      kwhFdmdZKx3oKwXu8jYZ7uArbUsKV8KlkJFJBdTwnCfwNOE1YbGTar8qovb182I+0LClwz\n      9zxptd6Sh3zExELkBJWEu+DjRzLx5yIVFAuzpx25oOE2TsVvjkM5XzzZpd1LeZ/EKWGzsu\n      Raq7LrU+ftZk6Vuup6lFeNiYEhMoJe/Vqdi1YdtfzX/EK7vLwb+V26EcMYIpOgLmGfgHuI\n      rlsdHe7m2VODM3Z3rsps7JlABrSSOtVmZVNVwhw24rv/w//YYwObo/3EslVYnhd309yySM\n      kAAAdIJYZUjCWGVIwAAAAHc3NoLXJzYQAAAgEA6ZwL3olgosVCd00xClCizxiRaKQoBZvK\n      Xdhs/oSxORsptx9g+cmIT7ptBb5NxJpZYfDW9wu9mHD8g38dzn4FOrLnr4knnnpTBJordq\n      fcnOQs2o5Rpmyw3+8yZLBkZQ9+aWg1By9Mwj+vQO2c+i+axx7LGsBoCF8yDOJi/a7bISVy\n      hFO2/D+C0Q7+IGyefG3kB+yx7aK/sQD3t6yHPwXfVb1TMRyzpkNJd9wTd4IPA3jkTrXB7R\n      kKdfvg2wufpiQa2Oq3JIytsouQlTPPdkXPRIwazKzTrYq/ae+dMio1OWez8bMFwNNIlvtR\n      s1Qi4nxs1tZHrPwO0v0W0SPbkEeN04kchL0RDzRJni8ab59LLG9q+TLQ0hmo/PJj73DjnH\n      qaF3PpVouJ2aMsJ6PlmMkwhFdmdZKx3oKwXu8jYZ7uArbUsKV8KlkJFJBdTwnCfwNOE1Yb\n      GTar8qovb182I+0LClwz9zxptd6Sh3zExELkBJWEu+DjRzLx5yIVFAuzpx25oOE2TsVvjk\n      M5XzzZpd1LeZ/EKWGzsuRaq7LrU+ftZk6Vuup6lFeNiYEhMoJe/Vqdi1YdtfzX/EK7vLwb\n      +V26EcMYIpOgLmGfgHuIrlsdHe7m2VODM3Z3rsps7JlABrSSOtVmZVNVwhw24rv/w//YYw\n      Obo/3EslVYnhd309yySMkAAAADAQABAAACAHPwvHtP1yQxnpEzQFmMN6Fs4g37Gtndvgvh\n      dAbFuGdNMeDus+SEvyBCuAUXs+UVbbMMIsQtkYVs3gYtOo/XP6UoUZBvE7i1oSoxkcyr9v\n      Pu0swNwjxEyWv6fRo36Tu2+tg5ncfZE9F8ZfBlfXk10y1r/QVj5L3y8RYv7U1WUO8cdL90\n      BOcgZj53oGxbPDUpHPlJ4ey8z0J75nXELMN8mKEm+3juc8LatkXEdezkIatpfnYKAxs3SF\n      fSEIDmPe/pD2IE66w6HaL1XWaPdjGO6BVvK4XVaKFCsUlUYMIa7Jt2+nnEjeBrfCViyeOk\n      qEOb2TCu3Jff6UOR1JcrorbyrFITUGkns6bpwM0O+nksNrNpYX/YLySxq0lZDbtwuEm98f\n      0Ci8ZhGP4FjWFpQrqgDk6/HMya/BBj+9eUA5Yp8bGydsl68HIdhogJYEEWDInSBxARFz06\n      I02fSwtZS2t5Fyat0hiUE13L7mplveYeeZU90raEapRGs18j27uBEVZavFEZOjGELSjmav\n      AtiUi2FvN+Dny2hMGM6PjRH/3iB3eIxlY5UNzLIhCFS9ch1b3VsAhwriD8SaUvpEwl0sQM\n      ++JEOOG+/Ncfui6s7giVxDv4HLAA8olJDfVS1LbCtO5xw9rASMtBOoTorpzjGXs/auun1a\n      0IFdwkLNyUh3KcouDhAAABAQDgaUzxGTDBBmRmMdoTDFAWcGBxooUw6ZfsQV3GF8haK1eY\n      wEZdaZ8EzdcVBQey+uMzhvV0Mca54gR/0xEmaDocaMzEBY+l4AqIMnNCH5NvC0Z07Y0NlB\n      pUDGrvPo7Wn4VR8eOfHHOH2W/xBEG01mnJwEx7d9Ff33zfB25H/QQ6OZUitKLzJ/yyEaNe\n      sOaga3dC+jzooEG7r37xuflKASzlrCN0NssoV9yyiKihf5t0CfCpv4oWCXLRucAKeGNgoY\n      hUkHzTtOC/+qBAChwt7PHFolz4lILPareEhwY5Oo49fWwSMBuVTAEgP2+O2orgScVGTMWt\n      zdcPibo0dw2JfSJqAAABAQD+9qpsbg1+WdajIqkHsZgjF15Zy0v9uMlr5ZOsUxPyCHYQkO\n      MXeebq9r5TRvlMzbZyv9DuKCFw39sce005Tdne5xQuMY4DT3j7+at1FjVbpTDK+oTIioUw\n      lA9rVaMWVJ90s3tsEWxkZyoQNHMstrrU0cq8BoYhmReArhZzQDTXcxQpIUGN2cctK8Pqd4\n      bXsUK/DhmTWeq1KXoj079DoDaZYbCnIa/KU6GlPjrqg47ewtDI61wOmwdtLnLcZ0NRVTer\n      QFyVM3JNAdZ5MaHlOIRo9vfucdJ7jOzfWCbbk5ys2/dC6XL1SV+twVCCxhRLKdUwRSYLHV\n      clm7EUR+Nl7IatAAABAQDqjyh4LCO/emP8LNqkIYYRQhtQiYHiU1DhT+byzHz2OXzVKhHp\n      6AD2C4QuISJ2cbR1udV9UkFr8nTerHhXhcev7QNyicWj4BEq45iTQl2oWGo3U4ggHN1T4r\n      mQn1ANdKsO2VL6zKnBmf3rsBFlAu483cl3lve+KDwcCRlbVjgsSA/pBwEsEqkKF1B78cYe\n      xntoQl+LF68UZXz5exrJ4YkNo378uTJobqA5u6xybu4CGMukFHoeQnxXK2EvidE0PE7wiy\n      0944x9gVuwCgfRhC/FTl/Q0ADqHH8zXVvKhVHQiVmf5zg2DTe7U9tYCzcm9kdIdUJihRHp\n      IW2DWjISpXoNAAAAD2p1bGlhQERSQUdPTi1WMgECAw==\n      -----END OPENSSH PRIVATE KEY-----\n\n  - path: /root/id_rsa.pub\n    permissions: '0644'\n    content: |\n      ssh-rsa AAAAB3NzaC1yc2EAAAADAQABAAACAQDpnAveiWCixUJ3TTEKUKLPGJFopCgFm8pd2Gz+hLE5Gym3H2D5yYhPum0Fvk3Emllh8Nb3C72YcPyDfx3OfgU6sueviSeeelMEmit2p9yc5CzajlGmbLDf7zJksGRlD35paDUHL0zCP69A7Zz6L5rHHssawGgIXzIM4mL9rtshJXKEU7b8P4LRDv4gbJ58beQH7LHtor+xAPe3rIc/Bd9VvVMxHLOmQ0l33BN3gg8DeOROtcHtGQp1++DbC5+mJBrY6rckjK2yi5CVM892Rc9EjBrMrNOtir9p750yKjU5Z7PxswXA00iW+1GzVCLifGzW1kes/A7S/RbRI9uQR43TiRyEvREPNEmeLxpvn0ssb2r5MtDSGaj88mPvcOOcepoXc+lWi4nZoywno+WYyTCEV2Z1krHegrBe7yNhnu4CttSwpXwqWQkUkF1PCcJ/A04TVhsZNqvyqi9vXzYj7QsKXDP3PGm13pKHfMTEQuQElYS74ONHMvHnIhUUC7OnHbmg4TZOxW+OQzlfPNml3Ut5n8QpYbOy5FqrsutT5+1mTpW66nqUV42JgSEygl79Wp2LVh21/Nf8Qru8vBv5XboRwxgik6AuYZ+Ae4iuWx0d7ubZU4MzdneuymzsmUAGtJI61WZlU1XCHDbiu//D/9hjA5uj/cSyVVieF3fT3LJIyQ== julia@DRAGON-V2\n\n  - path: /root/ansible.cfg\n    permissions: '0644'\n    content: |\n      [defaults]\n      inventory = ./inventory.ini\n      host_key_checking = False\n      private_key_file = /home/ubuntu/.ssh/id_rsa\n      interpreter_python = auto_silent\n\nruncmd:\n  - mkdir -p /home/ubuntu/.ssh\n  - mv /root/id_rsa /home/ubuntu/.ssh/id_rsa\n  - mv /root/id_rsa.pub /home/ubuntu/.ssh/id_rsa.pub\n  - mkdir -p /home/ubuntu/ansible\n  - mv /root/ansible.cfg /home/ubuntu/ansible/ansible.cfg\n  - chown -R ubuntu:ubuntu /home/ubuntu/.ssh /home/ubuntu/ansible\n  - chmod 700 /home/ubuntu/.ssh\n  - sudo -u ubuntu ansible --version",
            "user_data_base64": null,
            "user_data_replace_on_change": false,
            "volume_tags": null,
            "vpc_security_group_ids": [
              "sg-0c15c2f22039171b5"
            ]
          },
          "sensitive_attributes": [
            [
              {
                "type": "get_attr",
                "value": "user_data"
              }
            ]
          ],
          "identity_schema_version": 0,
          "identity": {
            "account_id": "419197236432",
            "id": "i-01726759358d6a885",
            "region": "eu-central-1"
          },
          "private": "eyJlMmJmYjczMC1lY2FhLTExZTYtOGY4OC0zNDM2M2JjN2M0YzAiOnsiY3JlYXRlIjo2MDAwMDAwMDAwMDAsImRlbGV0ZSI6MTIwMDAwMDAwMDAwMCwicmVhZCI6OTAwMDAwMDAwMDAwLCJ1cGRhdGUiOjYwMDAwMDAwMDAwMH0sInNjaGVtYV92ZXJzaW9uIjoiMiJ9",
          "dependencies": [
            "aws_iam_instance_profile.ec2_ssm_profile",
            "aws_iam_role.ec2_ssm_role",
            "aws_key_pair.this",
            "aws_security_group.master",
            "data.aws_availability_zones.available",
            "data.aws_iam_policy_document.ec2_assume_role",
            "module.vpc.aws_subnet.public",
            "module.vpc.aws_vpc.this",
            "module.vpc.aws_vpc_ipv4_cidr_block_association.this"
          ]
        }
      ]
    },
    {
      "mode": "managed",
      "type": "aws_instance",
      "name": "webserver",
      "provider": "provider[\"registry.terraform.io/hashicorp/aws\"]",
      "instances": [
        {
          "index_key": 0,
          "schema_version": 2,
          "attributes": {
            "ami": "ami-02468b0515605b421",
            "arn": "arn:aws:ec2:eu-central-1:419197236432:instance/i-01a6aecd010b01cf4",
            "associate_public_ip_address": true,
            "availability_zone": "eu-central-1a",
            "capacity_reservation_specification": [
              {
                "capacity_reservation_preference": "open",
                "capacity_reservation_target": []
              }
            ],
            "cpu_options": [
              {
                "amd_sev_snp": "",
                "core_count": 1,
                "nested_virtualization": "",
                "threads_per_core": 2
              }
            ],
            "credit_specification": [
              {
                "cpu_credits": "unlimited"
              }
            ],
            "disable_api_stop": false,
            "disable_api_termination": false,
            "ebs_block_device": [],
            "ebs_optimized": false,
            "enable_primary_ipv6": null,
            "enclave_options": [
              {
                "enabled": false
              }
            ],
            "ephemeral_block_device": [],
            "force_destroy": false,
            "get_password_data": false,
            "hibernation": false,
            "host_id": "",
            "host_resource_group_arn": null,
            "iam_instance_profile": "ansible-dev-ec2-ssm-profile",
            "id": "i-01a6aecd010b01cf4",
            "instance_initiated_shutdown_behavior": "stop",
            "instance_lifecycle": "",
            "instance_market_options": [],
            "instance_state": "running",
            "instance_type": "t3.micro",
            "ipv6_address_count": 0,
            "ipv6_addresses": [],
            "key_name": "ansible-key",
            "launch_template": [],
            "maintenance_options": [
              {
                "auto_recovery": "default"
              }
            ],
            "metadata_options": [
              {
                "http_endpoint": "enabled",
                "http_protocol_ipv6": "disabled",
                "http_put_response_hop_limit": 2,
                "http_tokens": "required",
                "instance_metadata_tags": "disabled"
              }
            ],
            "monitoring": false,
            "network_interface": [],
            "outpost_arn": "",
            "password_data": "",
            "placement_group": "",
            "placement_group_id": "",
            "placement_partition_number": 0,
            "primary_network_interface": [
              {
                "delete_on_termination": true,
                "network_interface_id": "eni-005e2fddf259f483f"
              }
            ],
            "primary_network_interface_id": "eni-005e2fddf259f483f",
            "private_dns": "ip-10-0-10-240.eu-central-1.compute.internal",
            "private_dns_name_options": [
              {
                "enable_resource_name_dns_a_record": false,
                "enable_resource_name_dns_aaaa_record": false,
                "hostname_type": "ip-name"
              }
            ],
            "private_ip": "10.0.10.240",
            "public_dns": "ec2-18-194-41-99.eu-central-1.compute.amazonaws.com",
            "public_ip": "18.194.41.99",
            "region": "eu-central-1",
            "root_block_device": [
              {
                "delete_on_termination": true,
                "device_name": "/dev/sda1",
                "encrypted": false,
                "iops": 3000,
                "kms_key_id": "",
                "tags": {
                  "Environment": "dev",
                  "ManagedBy": "terraform",
                  "Project": "ansible"
                },
                "tags_all": {
                  "Environment": "dev",
                  "ManagedBy": "terraform",
                  "Project": "ansible"
                },
                "throughput": 125,
                "volume_id": "vol-0a33c4780bad57fc9",
                "volume_size": 8,
                "volume_type": "gp3"
              }
            ],
            "secondary_network_interface": [],
            "secondary_private_ips": [],
            "security_groups": [],
            "source_dest_check": true,
            "spot_instance_request_id": "",
            "subnet_id": "subnet-07175456be790d1fc",
            "tags": {
              "Name": "ansible-webserver-1",
              "Role": "webserver"
            },
            "tags_all": {
              "Environment": "dev",
              "ManagedBy": "terraform",
              "Name": "ansible-webserver-1",
              "Project": "ansible",
              "Role": "webserver"
            },
            "tenancy": "default",
            "timeouts": null,
            "user_data": "#cloud-config\nusers:\n  - default\n  - name: ubuntu\n    shell: /bin/bash\n    sudo: ALL=(ALL) NOPASSWD:ALL\n    ssh_authorized_keys:\n      - ssh-rsa AAAAB3NzaC1yc2EAAAADAQABAAACAQDGKDWIde9BTFDnf9CZnqEQNNOw4Uk3/p64gZY+MP1ihmayrfTFD4SaH64P7l7rK9w6y4wQjOvc/ThqfqPYeC3Vp0m6d2laHeUOvviOHNUxpdQcPvIInKGIjO5IxCLAO24QMf1Q2bg88WUNjva74qzrts4uqIwd8DAKqPUwbjf4R5dz7SiCqqz7yiEBdgW7evOrqkRex/ThWn5BZavhvqdOe6lvhgpnfe5rp0/OvZjeT1Mgs2K0c7F37DBA1lW8hJO2l4qM0bpUtgjyJ2kiAcZHG5nnslBAUmuGjx893Z4WsZzzyCV7lEwa6MyYELRx51tO72Wc9WaG2tfwR49nWzNKnU6bbmxTsOFSbD7ldFX27pkQy9EK1PlG29QsWJfcm/ILYIDoQEUXaaeyMd3MWYMnyxvF3dgnSmCevOUJEHCFTY3QSOmoIb77VXjJEhOLN4LnZJfx2HGE5SIqT026mkzEZu9v/E578AyPYnZRrH4/GfsGEVD0JA5yYJWXbADyHLYGT+z0sn1NudfLFdOy3YhpTENisiZHeN4n3el29y1XeOAq3GoPOoQxbT2+ZkLRQcrXL6/ERi0Lj9ndQZvEF3spZSFNcFxshRsr8f9zWcRVs9ky8s/riIaOIgbz8RsG0DM82SRf7Eit07obp3dRpm+yqeG8kwWYwsP5nj/7hrTfyw== julia@DRAGON-V2\n      - ssh-rsa AAAAB3NzaC1yc2EAAAADAQABAAACAQDpnAveiWCixUJ3TTEKUKLPGJFopCgFm8pd2Gz+hLE5Gym3H2D5yYhPum0Fvk3Emllh8Nb3C72YcPyDfx3OfgU6sueviSeeelMEmit2p9yc5CzajlGmbLDf7zJksGRlD35paDUHL0zCP69A7Zz6L5rHHssawGgIXzIM4mL9rtshJXKEU7b8P4LRDv4gbJ58beQH7LHtor+xAPe3rIc/Bd9VvVMxHLOmQ0l33BN3gg8DeOROtcHtGQp1++DbC5+mJBrY6rckjK2yi5CVM892Rc9EjBrMrNOtir9p750yKjU5Z7PxswXA00iW+1GzVCLifGzW1kes/A7S/RbRI9uQR43TiRyEvREPNEmeLxpvn0ssb2r5MtDSGaj88mPvcOOcepoXc+lWi4nZoywno+WYyTCEV2Z1krHegrBe7yNhnu4CttSwpXwqWQkUkF1PCcJ/A04TVhsZNqvyqi9vXzYj7QsKXDP3PGm13pKHfMTEQuQElYS74ONHMvHnIhUUC7OnHbmg4TZOxW+OQzlfPNml3Ut5n8QpYbOy5FqrsutT5+1mTpW66nqUV42JgSEygl79Wp2LVh21/Nf8Qru8vBv5XboRwxgik6AuYZ+Ae4iuWx0d7ubZU4MzdneuymzsmUAGtJI61WZlU1XCHDbiu//D/9hjA5uj/cSyVVieF3fT3LJIyQ== julia@DRAGON-V2\n\nruncmd:\n  - chmod 700 /home/ubuntu/.ssh\n  - chmod 600 /home/ubuntu/.ssh/authorized_keys\n  - chown -R ubuntu:ubuntu /home/ubuntu/.ssh",
            "user_data_base64": null,
            "user_data_replace_on_change": false,
            "volume_tags": null,
            "vpc_security_group_ids": [
              "sg-04d1e80ce24792677"
            ]
          },
          "sensitive_attributes": [],
          "identity_schema_version": 0,
          "identity": {
            "account_id": "419197236432",
            "id": "i-01a6aecd010b01cf4",
            "region": "eu-central-1"
          },
          "private": "eyJlMmJmYjczMC1lY2FhLTExZTYtOGY4OC0zNDM2M2JjN2M0YzAiOnsiY3JlYXRlIjo2MDAwMDAwMDAwMDAsImRlbGV0ZSI6MTIwMDAwMDAwMDAwMCwicmVhZCI6OTAwMDAwMDAwMDAwLCJ1cGRhdGUiOjYwMDAwMDAwMDAwMH0sInNjaGVtYV92ZXJzaW9uIjoiMiJ9",
          "dependencies": [
            "aws_iam_instance_profile.ec2_ssm_profile",
            "aws_iam_role.ec2_ssm_role",
            "aws_key_pair.this",
            "aws_security_group.master",
            "aws_security_group.webserver",
            "data.aws_availability_zones.available",
            "data.aws_iam_policy_document.ec2_assume_role",
            "module.vpc.aws_subnet.public",
            "module.vpc.aws_vpc.this",
            "module.vpc.aws_vpc_ipv4_cidr_block_association.this"
          ]
        },
        {
          "index_key": 1,
          "schema_version": 2,
          "attributes": {
            "ami": "ami-02468b0515605b421",
            "arn": "arn:aws:ec2:eu-central-1:419197236432:instance/i-0757f5aff0b48905a",
            "associate_public_ip_address": true,
            "availability_zone": "eu-central-1b",
            "capacity_reservation_specification": [
              {
                "capacity_reservation_preference": "open",
                "capacity_reservation_target": []
              }
            ],
            "cpu_options": [
              {
                "amd_sev_snp": "",
                "core_count": 1,
                "nested_virtualization": "",
                "threads_per_core": 2
              }
            ],
            "credit_specification": [
              {
                "cpu_credits": "unlimited"
              }
            ],
            "disable_api_stop": false,
            "disable_api_termination": false,
            "ebs_block_device": [],
            "ebs_optimized": false,
            "enable_primary_ipv6": null,
            "enclave_options": [
              {
                "enabled": false
              }
            ],
            "ephemeral_block_device": [],
            "force_destroy": false,
            "get_password_data": false,
            "hibernation": false,
            "host_id": "",
            "host_resource_group_arn": null,
            "iam_instance_profile": "ansible-dev-ec2-ssm-profile",
            "id": "i-0757f5aff0b48905a",
            "instance_initiated_shutdown_behavior": "stop",
            "instance_lifecycle": "",
            "instance_market_options": [],
            "instance_state": "running",
            "instance_type": "t3.micro",
            "ipv6_address_count": 0,
            "ipv6_addresses": [],
            "key_name": "ansible-key",
            "launch_template": [],
            "maintenance_options": [
              {
                "auto_recovery": "default"
              }
            ],
            "metadata_options": [
              {
                "http_endpoint": "enabled",
                "http_protocol_ipv6": "disabled",
                "http_put_response_hop_limit": 2,
                "http_tokens": "required",
                "instance_metadata_tags": "disabled"
              }
            ],
            "monitoring": false,
            "network_interface": [],
            "outpost_arn": "",
            "password_data": "",
            "placement_group": "",
            "placement_group_id": "",
            "placement_partition_number": 0,
            "primary_network_interface": [
              {
                "delete_on_termination": true,
                "network_interface_id": "eni-02b5ea21bc2da5907"
              }
            ],
            "primary_network_interface_id": "eni-02b5ea21bc2da5907",
            "private_dns": "ip-10-0-11-200.eu-central-1.compute.internal",
            "private_dns_name_options": [
              {
                "enable_resource_name_dns_a_record": false,
                "enable_resource_name_dns_aaaa_record": false,
                "hostname_type": "ip-name"
              }
            ],
            "private_ip": "10.0.11.200",
            "public_dns": "ec2-18-156-2-211.eu-central-1.compute.amazonaws.com",
            "public_ip": "18.156.2.211",
            "region": "eu-central-1",
            "root_block_device": [
              {
                "delete_on_termination": true,
                "device_name": "/dev/sda1",
                "encrypted": false,
                "iops": 3000,
                "kms_key_id": "",
                "tags": {
                  "Environment": "dev",
                  "ManagedBy": "terraform",
                  "Project": "ansible"
                },
                "tags_all": {
                  "Environment": "dev",
                  "ManagedBy": "terraform",
                  "Project": "ansible"
                },
                "throughput": 125,
                "volume_id": "vol-04e15f3afbf7e7aef",
                "volume_size": 8,
                "volume_type": "gp3"
              }
            ],
            "secondary_network_interface": [],
            "secondary_private_ips": [],
            "security_groups": [],
            "source_dest_check": true,
            "spot_instance_request_id": "",
            "subnet_id": "subnet-024edf19176821ef5",
            "tags": {
              "Name": "ansible-webserver-2",
              "Role": "webserver"
            },
            "tags_all": {
              "Environment": "dev",
              "ManagedBy": "terraform",
              "Name": "ansible-webserver-2",
              "Project": "ansible",
              "Role": "webserver"
            },
            "tenancy": "default",
            "timeouts": null,
            "user_data": "#cloud-config\nusers:\n  - default\n  - name: ubuntu\n    shell: /bin/bash\n    sudo: ALL=(ALL) NOPASSWD:ALL\n    ssh_authorized_keys:\n      - ssh-rsa AAAAB3NzaC1yc2EAAAADAQABAAACAQDGKDWIde9BTFDnf9CZnqEQNNOw4Uk3/p64gZY+MP1ihmayrfTFD4SaH64P7l7rK9w6y4wQjOvc/ThqfqPYeC3Vp0m6d2laHeUOvviOHNUxpdQcPvIInKGIjO5IxCLAO24QMf1Q2bg88WUNjva74qzrts4uqIwd8DAKqPUwbjf4R5dz7SiCqqz7yiEBdgW7evOrqkRex/ThWn5BZavhvqdOe6lvhgpnfe5rp0/OvZjeT1Mgs2K0c7F37DBA1lW8hJO2l4qM0bpUtgjyJ2kiAcZHG5nnslBAUmuGjx893Z4WsZzzyCV7lEwa6MyYELRx51tO72Wc9WaG2tfwR49nWzNKnU6bbmxTsOFSbD7ldFX27pkQy9EK1PlG29QsWJfcm/ILYIDoQEUXaaeyMd3MWYMnyxvF3dgnSmCevOUJEHCFTY3QSOmoIb77VXjJEhOLN4LnZJfx2HGE5SIqT026mkzEZu9v/E578AyPYnZRrH4/GfsGEVD0JA5yYJWXbADyHLYGT+z0sn1NudfLFdOy3YhpTENisiZHeN4n3el29y1XeOAq3GoPOoQxbT2+ZkLRQcrXL6/ERi0Lj9ndQZvEF3spZSFNcFxshRsr8f9zWcRVs9ky8s/riIaOIgbz8RsG0DM82SRf7Eit07obp3dRpm+yqeG8kwWYwsP5nj/7hrTfyw== julia@DRAGON-V2\n      - ssh-rsa AAAAB3NzaC1yc2EAAAADAQABAAACAQDpnAveiWCixUJ3TTEKUKLPGJFopCgFm8pd2Gz+hLE5Gym3H2D5yYhPum0Fvk3Emllh8Nb3C72YcPyDfx3OfgU6sueviSeeelMEmit2p9yc5CzajlGmbLDf7zJksGRlD35paDUHL0zCP69A7Zz6L5rHHssawGgIXzIM4mL9rtshJXKEU7b8P4LRDv4gbJ58beQH7LHtor+xAPe3rIc/Bd9VvVMxHLOmQ0l33BN3gg8DeOROtcHtGQp1++DbC5+mJBrY6rckjK2yi5CVM892Rc9EjBrMrNOtir9p750yKjU5Z7PxswXA00iW+1GzVCLifGzW1kes/A7S/RbRI9uQR43TiRyEvREPNEmeLxpvn0ssb2r5MtDSGaj88mPvcOOcepoXc+lWi4nZoywno+WYyTCEV2Z1krHegrBe7yNhnu4CttSwpXwqWQkUkF1PCcJ/A04TVhsZNqvyqi9vXzYj7QsKXDP3PGm13pKHfMTEQuQElYS74ONHMvHnIhUUC7OnHbmg4TZOxW+OQzlfPNml3Ut5n8QpYbOy5FqrsutT5+1mTpW66nqUV42JgSEygl79Wp2LVh21/Nf8Qru8vBv5XboRwxgik6AuYZ+Ae4iuWx0d7ubZU4MzdneuymzsmUAGtJI61WZlU1XCHDbiu//D/9hjA5uj/cSyVVieF3fT3LJIyQ== julia@DRAGON-V2\n\nruncmd:\n  - chmod 700 /home/ubuntu/.ssh\n  - chmod 600 /home/ubuntu/.ssh/authorized_keys\n  - chown -R ubuntu:ubuntu /home/ubuntu/.ssh",
            "user_data_base64": null,
            "user_data_replace_on_change": false,
            "volume_tags": null,
            "vpc_security_group_ids": [
              "sg-04d1e80ce24792677"
            ]
          },
          "sensitive_attributes": [],
          "identity_schema_version": 0,
          "identity": {
            "account_id": "419197236432",
            "id": "i-0757f5aff0b48905a",
            "region": "eu-central-1"
          },
          "private": "eyJlMmJmYjczMC1lY2FhLTExZTYtOGY4OC0zNDM2M2JjN2M0YzAiOnsiY3JlYXRlIjo2MDAwMDAwMDAwMDAsImRlbGV0ZSI6MTIwMDAwMDAwMDAwMCwicmVhZCI6OTAwMDAwMDAwMDAwLCJ1cGRhdGUiOjYwMDAwMDAwMDAwMH0sInNjaGVtYV92ZXJzaW9uIjoiMiJ9",
          "dependencies": [
            "aws_iam_instance_profile.ec2_ssm_profile",
            "aws_iam_role.ec2_ssm_role",
            "aws_key_pair.this",
            "aws_security_group.master",
            "aws_security_group.webserver",
            "data.aws_availability_zones.available",
            "data.aws_iam_policy_document.ec2_assume_role",
            "module.vpc.aws_subnet.public",
            "module.vpc.aws_vpc.this",
            "module.vpc.aws_vpc_ipv4_cidr_block_association.this"
          ]
        }
      ]
    },
    {
      "mode": "managed",
      "type": "aws_key_pair",
      "name": "this",
      "provider": "provider[\"registry.terraform.io/hashicorp/aws\"]",
      "instances": [
        {
          "schema_version": 1,
          "attributes": {
            "arn": "arn:aws:ec2:eu-central-1:419197236432:key-pair/ansible-key",
            "fingerprint": "92:2b:11:84:65:be:a5:49:99:57:42:17:3a:86:1a:a6",
            "id": "ansible-key",
            "key_name": "ansible-key",
            "key_name_prefix": "",
            "key_pair_id": "key-0951e5068c0ddc9eb",
            "key_type": "rsa",
            "public_key": "ssh-rsa AAAAB3NzaC1yc2EAAAADAQABAAACAQDGKDWIde9BTFDnf9CZnqEQNNOw4Uk3/p64gZY+MP1ihmayrfTFD4SaH64P7l7rK9w6y4wQjOvc/ThqfqPYeC3Vp0m6d2laHeUOvviOHNUxpdQcPvIInKGIjO5IxCLAO24QMf1Q2bg88WUNjva74qzrts4uqIwd8DAKqPUwbjf4R5dz7SiCqqz7yiEBdgW7evOrqkRex/ThWn5BZavhvqdOe6lvhgpnfe5rp0/OvZjeT1Mgs2K0c7F37DBA1lW8hJO2l4qM0bpUtgjyJ2kiAcZHG5nnslBAUmuGjx893Z4WsZzzyCV7lEwa6MyYELRx51tO72Wc9WaG2tfwR49nWzNKnU6bbmxTsOFSbD7ldFX27pkQy9EK1PlG29QsWJfcm/ILYIDoQEUXaaeyMd3MWYMnyxvF3dgnSmCevOUJEHCFTY3QSOmoIb77VXjJEhOLN4LnZJfx2HGE5SIqT026mkzEZu9v/E578AyPYnZRrH4/GfsGEVD0JA5yYJWXbADyHLYGT+z0sn1NudfLFdOy3YhpTENisiZHeN4n3el29y1XeOAq3GoPOoQxbT2+ZkLRQcrXL6/ERi0Lj9ndQZvEF3spZSFNcFxshRsr8f9zWcRVs9ky8s/riIaOIgbz8RsG0DM82SRf7Eit07obp3dRpm+yqeG8kwWYwsP5nj/7hrTfyw== julia@DRAGON-V2",
            "region": "eu-central-1",
            "tags": null,
            "tags_all": {
              "Environment": "dev",
              "ManagedBy": "terraform",
              "Project": "ansible"
            }
          },
          "sensitive_attributes": [],
          "identity_schema_version": 0,
          "private": "eyJzY2hlbWFfdmVyc2lvbiI6IjEifQ=="
        }
      ]
    },
    {
      "mode": "managed",
      "type": "aws_security_group",
      "name": "database",
      "provider": "provider[\"registry.terraform.io/hashicorp/aws\"]",
      "instances": [
        {
          "schema_version": 1,
          "attributes": {
            "arn": "arn:aws:ec2:eu-central-1:419197236432:security-group/sg-07037368a35e6d9a7",
            "description": "Security group for database instances",
            "egress": [
              {
                "cidr_blocks": [
                  "0.0.0.0/0"
                ],
                "description": "Allow all outbound traffic",
                "from_port": 0,
                "ipv6_cidr_blocks": [],
                "prefix_list_ids": [],
                "protocol": "-1",
                "security_groups": [],
                "self": false,
                "to_port": 0
              }
            ],
            "id": "sg-07037368a35e6d9a7",
            "ingress": [
              {
                "cidr_blocks": [],
                "description": "PostgreSQL from webservers",
                "from_port": 5432,
                "ipv6_cidr_blocks": [],
                "prefix_list_ids": [],
                "protocol": "tcp",
                "security_groups": [
                  "sg-04d1e80ce24792677"
                ],
                "self": false,
                "to_port": 5432
              },
              {
                "cidr_blocks": [],
                "description": "SSH from master",
                "from_port": 22,
                "ipv6_cidr_blocks": [],
                "prefix_list_ids": [],
                "protocol": "tcp",
                "security_groups": [
                  "sg-0c15c2f22039171b5"
                ],
                "self": false,
                "to_port": 22
              }
            ],
            "name": "ansible-dev-database-sg",
            "name_prefix": "",
            "owner_id": "419197236432",
            "region": "eu-central-1",
            "revoke_rules_on_delete": false,
            "tags": {
              "Environment": "dev",
              "Name": "ansible-dev-database-sg",
              "Project": "ansible"
            },
            "tags_all": {
              "Environment": "dev",
              "ManagedBy": "terraform",
              "Name": "ansible-dev-database-sg",
              "Project": "ansible"
            },
            "timeouts": null,
            "vpc_id": "vpc-00967111b05c9ba96"
          },
          "sensitive_attributes": [],
          "identity_schema_version": 0,
          "identity": {
            "account_id": "419197236432",
            "id": "sg-07037368a35e6d9a7",
            "region": "eu-central-1"
          },
          "private": "eyJlMmJmYjczMC1lY2FhLTExZTYtOGY4OC0zNDM2M2JjN2M0YzAiOnsiY3JlYXRlIjo2MDAwMDAwMDAwMDAsImRlbGV0ZSI6OTAwMDAwMDAwMDAwfSwic2NoZW1hX3ZlcnNpb24iOiIxIn0=",
          "dependencies": [
            "aws_security_group.master",
            "aws_security_group.webserver",
            "module.vpc.aws_vpc.this"
          ]
        }
      ]
    },
    {
      "mode": "managed",
      "type": "aws_security_group",
      "name": "master",
      "provider": "provider[\"registry.terraform.io/hashicorp/aws\"]",
      "instances": [
        {
          "schema_version": 1,
          "attributes": {
            "arn": "arn:aws:ec2:eu-central-1:419197236432:security-group/sg-0c15c2f22039171b5",
            "description": "Security group for master instance",
            "egress": [
              {
                "cidr_blocks": [
                  "0.0.0.0/0"
                ],
                "description": "Allow all outbound traffic",
                "from_port": 0,
                "ipv6_cidr_blocks": [],
                "prefix_list_ids": [],
                "protocol": "-1",
                "security_groups": [],
                "self": false,
                "to_port": 0
              }
            ],
            "id": "sg-0c15c2f22039171b5",
            "ingress": [
              {
                "cidr_blocks": [
                  "46.205.209.62/32"
                ],
                "description": "SSH from my IP",
                "from_port": 22,
                "ipv6_cidr_blocks": [],
                "prefix_list_ids": [],
                "protocol": "tcp",
                "security_groups": [],
                "self": false,
                "to_port": 22
              }
            ],
            "name": "ansible-dev-master-sg",
            "name_prefix": "",
            "owner_id": "419197236432",
            "region": "eu-central-1",
            "revoke_rules_on_delete": false,
            "tags": {
              "Environment": "dev",
              "Name": "ansible-dev-master-sg",
              "Project": "ansible"
            },
            "tags_all": {
              "Environment": "dev",
              "ManagedBy": "terraform",
              "Name": "ansible-dev-master-sg",
              "Project": "ansible"
            },
            "timeouts": null,
            "vpc_id": "vpc-00967111b05c9ba96"
          },
          "sensitive_attributes": [],
          "identity_schema_version": 0,
          "identity": {
            "account_id": "419197236432",
            "id": "sg-0c15c2f22039171b5",
            "region": "eu-central-1"
          },
          "private": "eyJlMmJmYjczMC1lY2FhLTExZTYtOGY4OC0zNDM2M2JjN2M0YzAiOnsiY3JlYXRlIjo2MDAwMDAwMDAwMDAsImRlbGV0ZSI6OTAwMDAwMDAwMDAwfSwic2NoZW1hX3ZlcnNpb24iOiIxIn0=",
          "dependencies": [
            "module.vpc.aws_vpc.this"
          ]
        }
      ]
    },
    {
      "mode": "managed",
      "type": "aws_security_group",
      "name": "webserver",
      "provider": "provider[\"registry.terraform.io/hashicorp/aws\"]",
      "instances": [
        {
          "schema_version": 1,
          "attributes": {
            "arn": "arn:aws:ec2:eu-central-1:419197236432:security-group/sg-04d1e80ce24792677",
            "description": "Security group for webserver instances",
            "egress": [
              {
                "cidr_blocks": [
                  "0.0.0.0/0"
                ],
                "description": "Allow all outbound traffic",
                "from_port": 0,
                "ipv6_cidr_blocks": [],
                "prefix_list_ids": [],
                "protocol": "-1",
                "security_groups": [],
                "self": false,
                "to_port": 0
              }
            ],
            "id": "sg-04d1e80ce24792677",
            "ingress": [
              {
                "cidr_blocks": [
                  "0.0.0.0/0"
                ],
                "description": "HTTP from Internet",
                "from_port": 80,
                "ipv6_cidr_blocks": [],
                "prefix_list_ids": [],
                "protocol": "tcp",
                "security_groups": [],
                "self": false,
                "to_port": 80
              },
              {
                "cidr_blocks": [
                  "0.0.0.0/0"
                ],
                "description": "HTTPS from Internet",
                "from_port": 443,
                "ipv6_cidr_blocks": [],
                "prefix_list_ids": [],
                "protocol": "tcp",
                "security_groups": [],
                "self": false,
                "to_port": 443
              },
              {
                "cidr_blocks": [],
                "description": "Internal communication between webservers",
                "from_port": 0,
                "ipv6_cidr_blocks": [],
                "prefix_list_ids": [],
                "protocol": "tcp",
                "security_groups": [],
                "self": true,
                "to_port": 65535
              },
              {
                "cidr_blocks": [],
                "description": "SSH from master",
                "from_port": 22,
                "ipv6_cidr_blocks": [],
                "prefix_list_ids": [],
                "protocol": "tcp",
                "security_groups": [
                  "sg-0c15c2f22039171b5"
                ],
                "self": false,
                "to_port": 22
              }
            ],
            "name": "ansible-dev-webserver-sg",
            "name_prefix": "",
            "owner_id": "419197236432",
            "region": "eu-central-1",
            "revoke_rules_on_delete": false,
            "tags": {
              "Environment": "dev",
              "Name": "ansible-dev-webserver-sg",
              "Project": "ansible"
            },
            "tags_all": {
              "Environment": "dev",
              "ManagedBy": "terraform",
              "Name": "ansible-dev-webserver-sg",
              "Project": "ansible"
            },
            "timeouts": null,
            "vpc_id": "vpc-00967111b05c9ba96"
          },
          "sensitive_attributes": [],
          "identity_schema_version": 0,
          "identity": {
            "account_id": "419197236432",
            "id": "sg-04d1e80ce24792677",
            "region": "eu-central-1"
          },
          "private": "eyJlMmJmYjczMC1lY2FhLTExZTYtOGY4OC0zNDM2M2JjN2M0YzAiOnsiY3JlYXRlIjo2MDAwMDAwMDAwMDAsImRlbGV0ZSI6OTAwMDAwMDAwMDAwfSwic2NoZW1hX3ZlcnNpb24iOiIxIn0=",
          "dependencies": [
            "aws_security_group.master",
            "module.vpc.aws_vpc.this"
          ]
        }
      ]
    },
    {
      "module": "module.vpc",
      "mode": "managed",
      "type": "aws_default_network_acl",
      "name": "this",
      "provider": "provider[\"registry.terraform.io/hashicorp/aws\"]",
      "instances": [
        {
          "index_key": 0,
          "schema_version": 0,
          "attributes": {
            "arn": "arn:aws:ec2:eu-central-1:419197236432:network-acl/acl-067124318c6eb8392",
            "default_network_acl_id": "acl-067124318c6eb8392",
            "egress": [
              {
                "action": "allow",
                "cidr_block": "",
                "from_port": 0,
                "icmp_code": null,
                "icmp_type": null,
                "ipv6_cidr_block": "::/0",
                "protocol": "-1",
                "rule_no": 101,
                "to_port": 0
              },
              {
                "action": "allow",
                "cidr_block": "0.0.0.0/0",
                "from_port": 0,
                "icmp_code": null,
                "icmp_type": null,
                "ipv6_cidr_block": "",
                "protocol": "-1",
                "rule_no": 100,
                "to_port": 0
              }
            ],
            "id": "acl-067124318c6eb8392",
            "ingress": [
              {
                "action": "allow",
                "cidr_block": "",
                "from_port": 0,
                "icmp_code": null,
                "icmp_type": null,
                "ipv6_cidr_block": "::/0",
                "protocol": "-1",
                "rule_no": 101,
                "to_port": 0
              },
              {
                "action": "allow",
                "cidr_block": "0.0.0.0/0",
                "from_port": 0,
                "icmp_code": null,
                "icmp_type": null,
                "ipv6_cidr_block": "",
                "protocol": "-1",
                "rule_no": 100,
                "to_port": 0
              }
            ],
            "owner_id": "419197236432",
            "region": "eu-central-1",
            "subnet_ids": [
              "subnet-024edf19176821ef5",
              "subnet-07175456be790d1fc",
              "subnet-08e3125e2416d89e8",
              "subnet-0a55cc2990f8955b1"
            ],
            "tags": {
              "Environment": "dev",
              "ManagedBy": "Terraform",
              "Name": "ansible-dev-vpc-default",
              "Project": "ansible"
            },
            "tags_all": {
              "Environment": "dev",
              "ManagedBy": "Terraform",
              "Name": "ansible-dev-vpc-default",
              "Project": "ansible"
            },
            "vpc_id": "vpc-00967111b05c9ba96"
          },
          "sensitive_attributes": [],
          "identity_schema_version": 0,
          "private": "bnVsbA==",
          "dependencies": [
            "module.vpc.aws_vpc.this"
          ]
        }
      ]
    },
    {
      "module": "module.vpc",
      "mode": "managed",
      "type": "aws_default_route_table",
      "name": "default",
      "provider": "provider[\"registry.terraform.io/hashicorp/aws\"]",
      "instances": [
        {
          "index_key": 0,
          "schema_version": 0,
          "attributes": {
            "arn": "arn:aws:ec2:eu-central-1:419197236432:route-table/rtb-0b3e5fdedb54314a0",
            "default_route_table_id": "rtb-0b3e5fdedb54314a0",
            "id": "rtb-0b3e5fdedb54314a0",
            "owner_id": "419197236432",
            "propagating_vgws": null,
            "region": "eu-central-1",
            "route": [],
            "tags": {
              "Environment": "dev",
              "ManagedBy": "Terraform",
              "Name": "ansible-dev-vpc-default",
              "Project": "ansible"
            },
            "tags_all": {
              "Environment": "dev",
              "ManagedBy": "Terraform",
              "Name": "ansible-dev-vpc-default",
              "Project": "ansible"
            },
            "timeouts": {
              "create": "5m",
              "update": "5m"
            },
            "vpc_id": "vpc-00967111b05c9ba96"
          },
          "sensitive_attributes": [],
          "identity_schema_version": 0,
          "private": "eyJlMmJmYjczMC1lY2FhLTExZTYtOGY4OC0zNDM2M2JjN2M0YzAiOnsiY3JlYXRlIjozMDAwMDAwMDAwMDAsInVwZGF0ZSI6MzAwMDAwMDAwMDAwfX0=",
          "dependencies": [
            "module.vpc.aws_vpc.this"
          ]
        }
      ]
    },
    {
      "module": "module.vpc",
      "mode": "managed",
      "type": "aws_internet_gateway",
      "name": "this",
      "provider": "provider[\"registry.terraform.io/hashicorp/aws\"]",
      "instances": [
        {
          "index_key": 0,
          "schema_version": 0,
          "attributes": {
            "arn": "arn:aws:ec2:eu-central-1:419197236432:internet-gateway/igw-00c38321c055d92b9",
            "id": "igw-00c38321c055d92b9",
            "owner_id": "419197236432",
            "region": "eu-central-1",
            "tags": {
              "Environment": "dev",
              "ManagedBy": "Terraform",
              "Name": "ansible-dev-vpc",
              "Project": "ansible"
            },
            "tags_all": {
              "Environment": "dev",
              "ManagedBy": "Terraform",
              "Name": "ansible-dev-vpc",
              "Project": "ansible"
            },
            "timeouts": null,
            "vpc_id": "vpc-00967111b05c9ba96"
          },
          "sensitive_attributes": [],
          "identity_schema_version": 0,
          "identity": {
            "account_id": "419197236432",
            "id": "igw-00c38321c055d92b9",
            "region": "eu-central-1"
          },
          "private": "eyJlMmJmYjczMC1lY2FhLTExZTYtOGY4OC0zNDM2M2JjN2M0YzAiOnsiY3JlYXRlIjoxMjAwMDAwMDAwMDAwLCJkZWxldGUiOjEyMDAwMDAwMDAwMDAsInVwZGF0ZSI6MTIwMDAwMDAwMDAwMH19",
          "dependencies": [
            "module.vpc.aws_vpc.this",
            "module.vpc.aws_vpc_ipv4_cidr_block_association.this"
          ]
        }
      ]
    },
    {
      "module": "module.vpc",
      "mode": "managed",
      "type": "aws_route",
      "name": "public_internet_gateway",
      "provider": "provider[\"registry.terraform.io/hashicorp/aws\"]",
      "instances": [
        {
          "index_key": 0,
          "schema_version": 0,
          "attributes": {
            "carrier_gateway_id": "",
            "core_network_arn": "",
            "destination_cidr_block": "0.0.0.0/0",
            "destination_ipv6_cidr_block": "",
            "destination_prefix_list_id": "",
            "egress_only_gateway_id": "",
            "gateway_id": "igw-00c38321c055d92b9",
            "id": "r-rtb-0503d0e0f23d37ed01080289494",
            "instance_id": "",
            "instance_owner_id": "",
            "local_gateway_id": "",
            "nat_gateway_id": "",
            "network_interface_id": "",
            "origin": "CreateRoute",
            "region": "eu-central-1",
            "route_table_id": "rtb-0503d0e0f23d37ed0",
            "state": "active",
            "timeouts": {
              "create": "5m",
              "delete": null,
              "update": null
            },
            "transit_gateway_id": "",
            "vpc_endpoint_id": "",
            "vpc_peering_connection_id": ""
          },
          "sensitive_attributes": [],
          "identity_schema_version": 0,
          "identity": {
            "account_id": "419197236432",
            "destination_cidr_block": "0.0.0.0/0",
            "destination_ipv6_cidr_block": null,
            "destination_prefix_list_id": null,
            "region": "eu-central-1",
            "route_table_id": "rtb-0503d0e0f23d37ed0"
          },
          "private": "eyJlMmJmYjczMC1lY2FhLTExZTYtOGY4OC0zNDM2M2JjN2M0YzAiOnsiY3JlYXRlIjozMDAwMDAwMDAwMDAsImRlbGV0ZSI6MzAwMDAwMDAwMDAwLCJ1cGRhdGUiOjEyMDAwMDAwMDAwMH19",
          "dependencies": [
            "data.aws_availability_zones.available",
            "module.vpc.aws_internet_gateway.this",
            "module.vpc.aws_route_table.public",
            "module.vpc.aws_vpc.this",
            "module.vpc.aws_vpc_ipv4_cidr_block_association.this"
          ]
        }
      ]
    },
    {
      "module": "module.vpc",
      "mode": "managed",
      "type": "aws_route_table",
      "name": "private",
      "provider": "provider[\"registry.terraform.io/hashicorp/aws\"]",
      "instances": [
        {
          "index_key": 0,
          "schema_version": 0,
          "attributes": {
            "arn": "arn:aws:ec2:eu-central-1:419197236432:route-table/rtb-090ae1f713d793917",
            "id": "rtb-090ae1f713d793917",
            "owner_id": "419197236432",
            "propagating_vgws": [],
            "region": "eu-central-1",
            "route": [],
            "tags": {
              "Environment": "dev",
              "ManagedBy": "Terraform",
              "Name": "ansible-dev-vpc-private-eu-central-1a",
              "Project": "ansible"
            },
            "tags_all": {
              "Environment": "dev",
              "ManagedBy": "Terraform",
              "Name": "ansible-dev-vpc-private-eu-central-1a",
              "Project": "ansible"
            },
            "timeouts": null,
            "vpc_id": "vpc-00967111b05c9ba96"
          },
          "sensitive_attributes": [],
          "identity_schema_version": 0,
          "identity": {
            "account_id": "419197236432",
            "id": "rtb-090ae1f713d793917",
            "region": "eu-central-1"
          },
          "private": "eyJlMmJmYjczMC1lY2FhLTExZTYtOGY4OC0zNDM2M2JjN2M0YzAiOnsiY3JlYXRlIjozMDAwMDAwMDAwMDAsImRlbGV0ZSI6MzAwMDAwMDAwMDAwLCJ1cGRhdGUiOjEyMDAwMDAwMDAwMH19",
          "dependencies": [
            "data.aws_availability_zones.available",
            "module.vpc.aws_vpc.this",
            "module.vpc.aws_vpc_ipv4_cidr_block_association.this"
          ]
        },
        {
          "index_key": 1,
          "schema_version": 0,
          "attributes": {
            "arn": "arn:aws:ec2:eu-central-1:419197236432:route-table/rtb-03d72f8e8f831b482",
            "id": "rtb-03d72f8e8f831b482",
            "owner_id": "419197236432",
            "propagating_vgws": [],
            "region": "eu-central-1",
            "route": [],
            "tags": {
              "Environment": "dev",
              "ManagedBy": "Terraform",
              "Name": "ansible-dev-vpc-private-eu-central-1b",
              "Project": "ansible"
            },
            "tags_all": {
              "Environment": "dev",
              "ManagedBy": "Terraform",
              "Name": "ansible-dev-vpc-private-eu-central-1b",
              "Project": "ansible"
            },
            "timeouts": null,
            "vpc_id": "vpc-00967111b05c9ba96"
          },
          "sensitive_attributes": [],
          "identity_schema_version": 0,
          "identity": {
            "account_id": "419197236432",
            "id": "rtb-03d72f8e8f831b482",
            "region": "eu-central-1"
          },
          "private": "eyJlMmJmYjczMC1lY2FhLTExZTYtOGY4OC0zNDM2M2JjN2M0YzAiOnsiY3JlYXRlIjozMDAwMDAwMDAwMDAsImRlbGV0ZSI6MzAwMDAwMDAwMDAwLCJ1cGRhdGUiOjEyMDAwMDAwMDAwMH19",
          "dependencies": [
            "data.aws_availability_zones.available",
            "module.vpc.aws_vpc.this",
            "module.vpc.aws_vpc_ipv4_cidr_block_association.this"
          ]
        }
      ]
    },
    {
      "module": "module.vpc",
      "mode": "managed",
      "type": "aws_route_table",
      "name": "public",
      "provider": "provider[\"registry.terraform.io/hashicorp/aws\"]",
      "instances": [
        {
          "index_key": 0,
          "schema_version": 0,
          "attributes": {
            "arn": "arn:aws:ec2:eu-central-1:419197236432:route-table/rtb-0503d0e0f23d37ed0",
            "id": "rtb-0503d0e0f23d37ed0",
            "owner_id": "419197236432",
            "propagating_vgws": [],
            "region": "eu-central-1",
            "route": [],
            "tags": {
              "Environment": "dev",
              "ManagedBy": "Terraform",
              "Name": "ansible-dev-vpc-public",
              "Project": "ansible"
            },
            "tags_all": {
              "Environment": "dev",
              "ManagedBy": "Terraform",
              "Name": "ansible-dev-vpc-public",
              "Project": "ansible"
            },
            "timeouts": null,
            "vpc_id": "vpc-00967111b05c9ba96"
          },
          "sensitive_attributes": [],
          "identity_schema_version": 0,
          "identity": {
            "account_id": "419197236432",
            "id": "rtb-0503d0e0f23d37ed0",
            "region": "eu-central-1"
          },
          "private": "eyJlMmJmYjczMC1lY2FhLTExZTYtOGY4OC0zNDM2M2JjN2M0YzAiOnsiY3JlYXRlIjozMDAwMDAwMDAwMDAsImRlbGV0ZSI6MzAwMDAwMDAwMDAwLCJ1cGRhdGUiOjEyMDAwMDAwMDAwMH19",
          "dependencies": [
            "data.aws_availability_zones.available",
            "module.vpc.aws_vpc.this",
            "module.vpc.aws_vpc_ipv4_cidr_block_association.this"
          ]
        }
      ]
    },
    {
      "module": "module.vpc",
      "mode": "managed",
      "type": "aws_route_table_association",
      "name": "private",
      "provider": "provider[\"registry.terraform.io/hashicorp/aws\"]",
      "instances": [
        {
          "index_key": 0,
          "schema_version": 0,
          "attributes": {
            "gateway_id": "",
            "id": "rtbassoc-02259674ad754b100",
            "region": "eu-central-1",
            "route_table_id": "rtb-090ae1f713d793917",
            "subnet_id": "subnet-08e3125e2416d89e8",
            "timeouts": null
          },
          "sensitive_attributes": [],
          "identity_schema_version": 0,
          "identity": {
            "account_id": "419197236432",
            "id": "rtbassoc-02259674ad754b100",
            "region": "eu-central-1"
          },
          "private": "eyJlMmJmYjczMC1lY2FhLTExZTYtOGY4OC0zNDM2M2JjN2M0YzAiOnsiY3JlYXRlIjozMDAwMDAwMDAwMDAsImRlbGV0ZSI6MzAwMDAwMDAwMDAwLCJ1cGRhdGUiOjEyMDAwMDAwMDAwMH19",
          "dependencies": [
            "data.aws_availability_zones.available",
            "module.vpc.aws_route_table.private",
            "module.vpc.aws_subnet.private",
            "module.vpc.aws_vpc.this",
            "module.vpc.aws_vpc_ipv4_cidr_block_association.this"
          ]
        },
        {
          "index_key": 1,
          "schema_version": 0,
          "attributes": {
            "gateway_id": "",
            "id": "rtbassoc-09c692deca532ef97",
            "region": "eu-central-1",
            "route_table_id": "rtb-03d72f8e8f831b482",
            "subnet_id": "subnet-0a55cc2990f8955b1",
            "timeouts": null
          },
          "sensitive_attributes": [],
          "identity_schema_version": 0,
          "identity": {
            "account_id": "419197236432",
            "id": "rtbassoc-09c692deca532ef97",
            "region": "eu-central-1"
          },
          "private": "eyJlMmJmYjczMC1lY2FhLTExZTYtOGY4OC0zNDM2M2JjN2M0YzAiOnsiY3JlYXRlIjozMDAwMDAwMDAwMDAsImRlbGV0ZSI6MzAwMDAwMDAwMDAwLCJ1cGRhdGUiOjEyMDAwMDAwMDAwMH19",
          "dependencies": [
            "data.aws_availability_zones.available",
            "module.vpc.aws_route_table.private",
            "module.vpc.aws_subnet.private",
            "module.vpc.aws_vpc.this",
            "module.vpc.aws_vpc_ipv4_cidr_block_association.this"
          ]
        }
      ]
    },
    {
      "module": "module.vpc",
      "mode": "managed",
      "type": "aws_route_table_association",
      "name": "public",
      "provider": "provider[\"registry.terraform.io/hashicorp/aws\"]",
      "instances": [
        {
          "index_key": 0,
          "schema_version": 0,
          "attributes": {
            "gateway_id": "",
            "id": "rtbassoc-056dfb0bcdc082bfc",
            "region": "eu-central-1",
            "route_table_id": "rtb-0503d0e0f23d37ed0",
            "subnet_id": "subnet-07175456be790d1fc",
            "timeouts": null
          },
          "sensitive_attributes": [],
          "identity_schema_version": 0,
          "identity": {
            "account_id": "419197236432",
            "id": "rtbassoc-056dfb0bcdc082bfc",
            "region": "eu-central-1"
          },
          "private": "eyJlMmJmYjczMC1lY2FhLTExZTYtOGY4OC0zNDM2M2JjN2M0YzAiOnsiY3JlYXRlIjozMDAwMDAwMDAwMDAsImRlbGV0ZSI6MzAwMDAwMDAwMDAwLCJ1cGRhdGUiOjEyMDAwMDAwMDAwMH19",
          "dependencies": [
            "data.aws_availability_zones.available",
            "module.vpc.aws_route_table.public",
            "module.vpc.aws_subnet.public",
            "module.vpc.aws_vpc.this",
            "module.vpc.aws_vpc_ipv4_cidr_block_association.this"
          ]
        },
        {
          "index_key": 1,
          "schema_version": 0,
          "attributes": {
            "gateway_id": "",
            "id": "rtbassoc-01bd57f808dd7af4b",
            "region": "eu-central-1",
            "route_table_id": "rtb-0503d0e0f23d37ed0",
            "subnet_id": "subnet-024edf19176821ef5",
            "timeouts": null
          },
          "sensitive_attributes": [],
          "identity_schema_version": 0,
          "identity": {
            "account_id": "419197236432",
            "id": "rtbassoc-01bd57f808dd7af4b",
            "region": "eu-central-1"
          },
          "private": "eyJlMmJmYjczMC1lY2FhLTExZTYtOGY4OC0zNDM2M2JjN2M0YzAiOnsiY3JlYXRlIjozMDAwMDAwMDAwMDAsImRlbGV0ZSI6MzAwMDAwMDAwMDAwLCJ1cGRhdGUiOjEyMDAwMDAwMDAwMH19",
          "dependencies": [
            "data.aws_availability_zones.available",
            "module.vpc.aws_route_table.public",
            "module.vpc.aws_subnet.public",
            "module.vpc.aws_vpc.this",
            "module.vpc.aws_vpc_ipv4_cidr_block_association.this"
          ]
        }
      ]
    },
    {
      "module": "module.vpc",
      "mode": "managed",
      "type": "aws_subnet",
      "name": "private",
      "provider": "provider[\"registry.terraform.io/hashicorp/aws\"]",
      "instances": [
        {
          "index_key": 0,
          "schema_version": 1,
          "attributes": {
            "arn": "arn:aws:ec2:eu-central-1:419197236432:subnet/subnet-08e3125e2416d89e8",
            "assign_ipv6_address_on_creation": false,
            "availability_zone": "eu-central-1a",
            "availability_zone_id": "euc1-az2",
            "cidr_block": "10.0.20.0/24",
            "customer_owned_ipv4_pool": "",
            "enable_dns64": false,
            "enable_lni_at_device_index": 0,
            "enable_resource_name_dns_a_record_on_launch": false,
            "enable_resource_name_dns_aaaa_record_on_launch": false,
            "id": "subnet-08e3125e2416d89e8",
            "ipv4_ipam_pool_id": null,
            "ipv4_netmask_length": null,
            "ipv6_cidr_block": "",
            "ipv6_cidr_block_association_id": "",
            "ipv6_ipam_pool_id": null,
            "ipv6_native": false,
            "ipv6_netmask_length": null,
            "map_customer_owned_ip_on_launch": false,
            "map_public_ip_on_launch": false,
            "outpost_arn": "",
            "owner_id": "419197236432",
            "private_dns_hostname_type_on_launch": "ip-name",
            "region": "eu-central-1",
            "tags": {
              "Environment": "dev",
              "ManagedBy": "Terraform",
              "Name": "private-subnet-1",
              "Project": "ansible"
            },
            "tags_all": {
              "Environment": "dev",
              "ManagedBy": "Terraform",
              "Name": "private-subnet-1",
              "Project": "ansible"
            },
            "timeouts": null,
            "vpc_id": "vpc-00967111b05c9ba96"
          },
          "sensitive_attributes": [],
          "identity_schema_version": 0,
          "identity": {
            "account_id": "419197236432",
            "id": "subnet-08e3125e2416d89e8",
            "region": "eu-central-1"
          },
          "private": "eyJlMmJmYjczMC1lY2FhLTExZTYtOGY4OC0zNDM2M2JjN2M0YzAiOnsiY3JlYXRlIjo2MDAwMDAwMDAwMDAsImRlbGV0ZSI6MTIwMDAwMDAwMDAwMH0sInNjaGVtYV92ZXJzaW9uIjoiMSJ9",
          "dependencies": [
            "data.aws_availability_zones.available",
            "module.vpc.aws_vpc.this",
            "module.vpc.aws_vpc_ipv4_cidr_block_association.this"
          ]
        },
        {
          "index_key": 1,
          "schema_version": 1,
          "attributes": {
            "arn": "arn:aws:ec2:eu-central-1:419197236432:subnet/subnet-0a55cc2990f8955b1",
            "assign_ipv6_address_on_creation": false,
            "availability_zone": "eu-central-1b",
            "availability_zone_id": "euc1-az3",
            "cidr_block": "10.0.21.0/24",
            "customer_owned_ipv4_pool": "",
            "enable_dns64": false,
            "enable_lni_at_device_index": 0,
            "enable_resource_name_dns_a_record_on_launch": false,
            "enable_resource_name_dns_aaaa_record_on_launch": false,
            "id": "subnet-0a55cc2990f8955b1",
            "ipv4_ipam_pool_id": null,
            "ipv4_netmask_length": null,
            "ipv6_cidr_block": "",
            "ipv6_cidr_block_association_id": "",
            "ipv6_ipam_pool_id": null,
            "ipv6_native": false,
            "ipv6_netmask_length": null,
            "map_customer_owned_ip_on_launch": false,
            "map_public_ip_on_launch": false,
            "outpost_arn": "",
            "owner_id": "419197236432",
            "private_dns_hostname_type_on_launch": "ip-name",
            "region": "eu-central-1",
            "tags": {
              "Environment": "dev",
              "ManagedBy": "Terraform",
              "Name": "private-subnet-2",
              "Project": "ansible"
            },
            "tags_all": {
              "Environment": "dev",
              "ManagedBy": "Terraform",
              "Name": "private-subnet-2",
              "Project": "ansible"
            },
            "timeouts": null,
            "vpc_id": "vpc-00967111b05c9ba96"
          },
          "sensitive_attributes": [],
          "identity_schema_version": 0,
          "identity": {
            "account_id": "419197236432",
            "id": "subnet-0a55cc2990f8955b1",
            "region": "eu-central-1"
          },
          "private": "eyJlMmJmYjczMC1lY2FhLTExZTYtOGY4OC0zNDM2M2JjN2M0YzAiOnsiY3JlYXRlIjo2MDAwMDAwMDAwMDAsImRlbGV0ZSI6MTIwMDAwMDAwMDAwMH0sInNjaGVtYV92ZXJzaW9uIjoiMSJ9",
          "dependencies": [
            "data.aws_availability_zones.available",
            "module.vpc.aws_vpc.this",
            "module.vpc.aws_vpc_ipv4_cidr_block_association.this"
          ]
        }
      ]
    },
    {
      "module": "module.vpc",
      "mode": "managed",
      "type": "aws_subnet",
      "name": "public",
      "provider": "provider[\"registry.terraform.io/hashicorp/aws\"]",
      "instances": [
        {
          "index_key": 0,
          "schema_version": 1,
          "attributes": {
            "arn": "arn:aws:ec2:eu-central-1:419197236432:subnet/subnet-07175456be790d1fc",
            "assign_ipv6_address_on_creation": false,
            "availability_zone": "eu-central-1a",
            "availability_zone_id": "euc1-az2",
            "cidr_block": "10.0.10.0/24",
            "customer_owned_ipv4_pool": "",
            "enable_dns64": false,
            "enable_lni_at_device_index": 0,
            "enable_resource_name_dns_a_record_on_launch": false,
            "enable_resource_name_dns_aaaa_record_on_launch": false,
            "id": "subnet-07175456be790d1fc",
            "ipv4_ipam_pool_id": null,
            "ipv4_netmask_length": null,
            "ipv6_cidr_block": "",
            "ipv6_cidr_block_association_id": "",
            "ipv6_ipam_pool_id": null,
            "ipv6_native": false,
            "ipv6_netmask_length": null,
            "map_customer_owned_ip_on_launch": false,
            "map_public_ip_on_launch": true,
            "outpost_arn": "",
            "owner_id": "419197236432",
            "private_dns_hostname_type_on_launch": "ip-name",
            "region": "eu-central-1",
            "tags": {
              "Environment": "dev",
              "ManagedBy": "Terraform",
              "Name": "public-subnet-1",
              "Project": "ansible"
            },
            "tags_all": {
              "Environment": "dev",
              "ManagedBy": "Terraform",
              "Name": "public-subnet-1",
              "Project": "ansible"
            },
            "timeouts": null,
            "vpc_id": "vpc-00967111b05c9ba96"
          },
          "sensitive_attributes": [],
          "identity_schema_version": 0,
          "identity": {
            "account_id": "419197236432",
            "id": "subnet-07175456be790d1fc",
            "region": "eu-central-1"
          },
          "private": "eyJlMmJmYjczMC1lY2FhLTExZTYtOGY4OC0zNDM2M2JjN2M0YzAiOnsiY3JlYXRlIjo2MDAwMDAwMDAwMDAsImRlbGV0ZSI6MTIwMDAwMDAwMDAwMH0sInNjaGVtYV92ZXJzaW9uIjoiMSJ9",
          "dependencies": [
            "data.aws_availability_zones.available",
            "module.vpc.aws_vpc.this",
            "module.vpc.aws_vpc_ipv4_cidr_block_association.this"
          ]
        },
        {
          "index_key": 1,
          "schema_version": 1,
          "attributes": {
            "arn": "arn:aws:ec2:eu-central-1:419197236432:subnet/subnet-024edf19176821ef5",
            "assign_ipv6_address_on_creation": false,
            "availability_zone": "eu-central-1b",
            "availability_zone_id": "euc1-az3",
            "cidr_block": "10.0.11.0/24",
            "customer_owned_ipv4_pool": "",
            "enable_dns64": false,
            "enable_lni_at_device_index": 0,
            "enable_resource_name_dns_a_record_on_launch": false,
            "enable_resource_name_dns_aaaa_record_on_launch": false,
            "id": "subnet-024edf19176821ef5",
            "ipv4_ipam_pool_id": null,
            "ipv4_netmask_length": null,
            "ipv6_cidr_block": "",
            "ipv6_cidr_block_association_id": "",
            "ipv6_ipam_pool_id": null,
            "ipv6_native": false,
            "ipv6_netmask_length": null,
            "map_customer_owned_ip_on_launch": false,
            "map_public_ip_on_launch": true,
            "outpost_arn": "",
            "owner_id": "419197236432",
            "private_dns_hostname_type_on_launch": "ip-name",
            "region": "eu-central-1",
            "tags": {
              "Environment": "dev",
              "ManagedBy": "Terraform",
              "Name": "public-subnet-2",
              "Project": "ansible"
            },
            "tags_all": {
              "Environment": "dev",
              "ManagedBy": "Terraform",
              "Name": "public-subnet-2",
              "Project": "ansible"
            },
            "timeouts": null,
            "vpc_id": "vpc-00967111b05c9ba96"
          },
          "sensitive_attributes": [],
          "identity_schema_version": 0,
          "identity": {
            "account_id": "419197236432",
            "id": "subnet-024edf19176821ef5",
            "region": "eu-central-1"
          },
          "private": "eyJlMmJmYjczMC1lY2FhLTExZTYtOGY4OC0zNDM2M2JjN2M0YzAiOnsiY3JlYXRlIjo2MDAwMDAwMDAwMDAsImRlbGV0ZSI6MTIwMDAwMDAwMDAwMH0sInNjaGVtYV92ZXJzaW9uIjoiMSJ9",
          "dependencies": [
            "data.aws_availability_zones.available",
            "module.vpc.aws_vpc.this",
            "module.vpc.aws_vpc_ipv4_cidr_block_association.this"
          ]
        }
      ]
    },
    {
      "module": "module.vpc",
      "mode": "managed",
      "type": "aws_vpc",
      "name": "this",
      "provider": "provider[\"registry.terraform.io/hashicorp/aws\"]",
      "instances": [
        {
          "index_key": 0,
          "schema_version": 1,
          "attributes": {
            "arn": "arn:aws:ec2:eu-central-1:419197236432:vpc/vpc-00967111b05c9ba96",
            "assign_generated_ipv6_cidr_block": false,
            "cidr_block": "10.0.0.0/16",
            "default_network_acl_id": "acl-067124318c6eb8392",
            "default_route_table_id": "rtb-0b3e5fdedb54314a0",
            "default_security_group_id": "sg-00f6eb3aaf3e5741a",
            "dhcp_options_id": "dopt-0497cab12d457f90a",
            "enable_dns_hostnames": true,
            "enable_dns_support": true,
            "enable_network_address_usage_metrics": false,
            "id": "vpc-00967111b05c9ba96",
            "instance_tenancy": "default",
            "ipv4_ipam_pool_id": null,
            "ipv4_netmask_length": null,
            "ipv6_association_id": "",
            "ipv6_cidr_block": "",
            "ipv6_cidr_block_network_border_group": "",
            "ipv6_ipam_pool_id": "",
            "ipv6_netmask_length": 0,
            "main_route_table_id": "rtb-0b3e5fdedb54314a0",
            "owner_id": "419197236432",
            "region": "eu-central-1",
            "tags": {
              "Environment": "dev",
              "ManagedBy": "Terraform",
              "Name": "ansible-dev-vpc",
              "Project": "ansible"
            },
            "tags_all": {
              "Environment": "dev",
              "ManagedBy": "Terraform",
              "Name": "ansible-dev-vpc",
              "Project": "ansible"
            }
          },
          "sensitive_attributes": [],
          "identity_schema_version": 0,
          "identity": {
            "account_id": "419197236432",
            "id": "vpc-00967111b05c9ba96",
            "region": "eu-central-1"
          },
          "private": "eyJzY2hlbWFfdmVyc2lvbiI6IjEifQ=="
        }
      ]
    }
  ],
  "check_results": [
    {
      "object_kind": "var",
      "config_addr": "var.instance_type",
      "status": "pass",
      "objects": [
        {
          "object_addr": "var.instance_type",
          "status": "pass"
        }
      ]
    },
    {
      "object_kind": "var",
      "config_addr": "var.ansible_public_key_path",
      "status": "pass",
      "objects": [
        {
          "object_addr": "var.ansible_public_key_path",
          "status": "pass"
        }
      ]
    },
    {
      "object_kind": "var",
      "config_addr": "var.admin_public_key_path",
      "status": "pass",
      "objects": [
        {
          "object_addr": "var.admin_public_key_path",
          "status": "pass"
        }
      ]
    },
    {
      "object_kind": "var",
      "config_addr": "var.ami_id",
      "status": "pass",
      "objects": [
        {
          "object_addr": "var.ami_id",
          "status": "pass"
        }
      ]
    },
    {
      "object_kind": "var",
      "config_addr": "var.project_name",
      "status": "pass",
      "objects": [
        {
          "object_addr": "var.project_name",
          "status": "pass"
        }
      ]
    },
    {
      "object_kind": "var",
      "config_addr": "var.aws_region",
      "status": "pass",
      "objects": [
        {
          "object_addr": "var.aws_region",
          "status": "pass"
        }
      ]
    },
    {
      "object_kind": "var",
      "config_addr": "var.my_ip_cidr",
      "status": "pass",
      "objects": [
        {
          "object_addr": "var.my_ip_cidr",
          "status": "pass"
        }
      ]
    },
    {
      "object_kind": "var",
      "config_addr": "var.environment",
      "status": "pass",
      "objects": [
        {
          "object_addr": "var.environment",
          "status": "pass"
        }
      ]
    },
    {
      "object_kind": "var",
      "config_addr": "var.webservers_count",
      "status": "pass",
      "objects": [
        {
          "object_addr": "var.webservers_count",
          "status": "pass"
        }
      ]
    },
    {
      "object_kind": "var",
      "config_addr": "var.ansible_private_key_path",
      "status": "pass",
      "objects": [
        {
          "object_addr": "var.ansible_private_key_path",
          "status": "pass"
        }
      ]
    },
    {
      "object_kind": "var",
      "config_addr": "var.key_name",
      "status": "pass",
      "objects": [
        {
          "object_addr": "var.key_name",
          "status": "pass"
        }
      ]
    }
  ]
}
